
Microsoft Visual Studio Solution File, Format Version 12.00
# Visual Studio Version 16
VisualStudioVersion = 16.0.29709.97
MinimumVisualStudioVersion = 10.0.40219.1
Project("{2150E333-8FDC-42A3-9474-1A3956D46DE8}") = "Ch01", "Ch01", "{74690E53-130A-4ED2-A198-71F2C78DED95}"
EndProject
Project("{8BC9CEB8-8B4A-11D0-8D11-00A0C91BC942}") = "FirstApp", "FirstApp\FirstApp.vcxproj", "{62495072-E9BB-4EA7-9AD8-C5FF43E02F6C}"
EndProject
Project("{8BC9CEB8-8B4A-11D0-8D11-00A0C91BC942}") = "TemplateTest", "TemplateTest\TemplateTest.vcxproj", "{A2A32932-8943-4F98-8D48-49751F82D464}"
EndProject
Project("{8BC9CEB8-8B4A-11D0-8D11-00A0C91BC942}") = "EscapeTest", "EscapeTest\EscapeTest.vcxproj", "{5C7222B1-FC04-4BB1-94B5-55111C95759A}"
EndProject
Project("{2150E333-8FDC-42A3-9474-1A3956D46DE8}") = "Ch03", "Ch03", "{32C12A73-9A3D-4EC4-894D-918DE9E48E75}"
EndProject
Project("{8BC9CEB8-8B4A-11D0-8D11-00A0C91BC942}") = "VarTest", "VarTest\VarTest.vcxproj", "{026E67EC-5183-482A-BF7F-876A5A06F0B0}"
EndProject
Project("{8BC9CEB8-8B4A-11D0-8D11-00A0C91BC942}") = "StringTest", "StringTest\StringTest.vcxproj", "{9571D553-5C86-4E34-8285-7DFFB341D35C}"
EndProject
Project("{2150E333-8FDC-42A3-9474-1A3956D46DE8}") = "Ch04", "Ch04", "{685031DF-0280-4DBB-A174-6E0DE71A0845}"
EndProject
Project("{8BC9CEB8-8B4A-11D0-8D11-00A0C91BC942}") = "DivideTest", "DivideTest\DivideTest.vcxproj", "{171D1B10-4BB9-41E3-963E-54F08EDDDC5C}"
EndProject
Project("{8BC9CEB8-8B4A-11D0-8D11-00A0C91BC942}") = "CastTest", "CastTest\CastTest.vcxproj", "{F25B4D3B-D744-4FA4-95A0-DDD7FB8E6FA5}"
EndProject
Project("{8BC9CEB8-8B4A-11D0-8D11-00A0C91BC942}") = "OpTestApp", "OpTestApp\OpTestApp.vcxproj", "{3D5974E8-450C-45AB-89B1-D44BF6BB4411}"
EndProject
Project("{2150E333-8FDC-42A3-9474-1A3956D46DE8}") = "CH05", "CH05", "{26EE01C7-5DB3-4082-B399-1D26C1952CB8}"
EndProject
Project("{8BC9CEB8-8B4A-11D0-8D11-00A0C91BC942}") = "IfTestApp", "IfTestApp\IfTestApp.vcxproj", "{2AD1425B-5E09-4B30-95F2-4DADCA528308}"
EndProject
Project("{8BC9CEB8-8B4A-11D0-8D11-00A0C91BC942}") = "SwitchTestApp", "SwitchTestApp\SwitchTestApp.vcxproj", "{C09C93E8-E52A-4119-B1B8-DEB037B09CC8}"
EndProject
Project("{8BC9CEB8-8B4A-11D0-8D11-00A0C91BC942}") = "WhileTestApp", "WhileTestApp\WhileTestApp.vcxproj", "{CB5630D5-3D43-461E-86BA-752950932056}"
EndProject
Project("{8BC9CEB8-8B4A-11D0-8D11-00A0C91BC942}") = "ForTestApp", "ForTestApp\ForTestApp.vcxproj", "{0C1A3CFB-A613-4E6D-9EAD-139311C52C7F}"
EndProject
Project("{8BC9CEB8-8B4A-11D0-8D11-00A0C91BC942}") = "MultiTableApp", "MultiTableApp\MultiTableApp.vcxproj", "{577C1527-62C7-4CDA-8F53-6D7E12DEFBE7}"
EndProject
Project("{2150E333-8FDC-42A3-9474-1A3956D46DE8}") = "CH07", "CH07", "{3BBFC5DC-8AB5-4F5E-B0B4-52BA8F284B9E}"
EndProject
Project("{8BC9CEB8-8B4A-11D0-8D11-00A0C91BC942}") = "FuncTestApp", "FuncTestApp\FuncTestApp.vcxproj", "{AEFCA218-B8A4-4083-846F-01A64A164F2F}"
EndProject
Project("{2150E333-8FDC-42A3-9474-1A3956D46DE8}") = "CH08", "CH08", "{6B65E5EE-44E8-4460-B0C8-90C59A28677F}"
EndProject
Project("{8BC9CEB8-8B4A-11D0-8D11-00A0C91BC942}") = "ArrTestApp", "ArrTestApp\ArrTestApp.vcxproj", "{222DC0E5-C29A-4588-9646-E233C2B4C69E}"
EndProject
Project("{8BC9CEB8-8B4A-11D0-8D11-00A0C91BC942}") = "StringTestApp", "StringTestApp\StringTestApp.vcxproj", "{937D1BC7-C79D-4906-94FF-ADFE86115D01}"
EndProject
Project("{2150E333-8FDC-42A3-9474-1A3956D46DE8}") = "예제", "예제", "{A2C56DFD-E7FC-4FD6-B4C4-024983C5B5DE}"
EndProject
Project("{8BC9CEB8-8B4A-11D0-8D11-00A0C91BC942}") = "3-1 변수", "Test1\Test1.vcxproj", "{BED89645-69D9-4C7F-BC71-121EDFFBD6E8}"
EndProject
Project("{8BC9CEB8-8B4A-11D0-8D11-00A0C91BC942}") = "3-2 변수", "변수 3-2\변수 3-2.vcxproj", "{3D18E0E8-9B31-405F-8614-71035EE7AE31}"
EndProject
Project("{8BC9CEB8-8B4A-11D0-8D11-00A0C91BC942}") = "4-1연산자", "연산자 4-1\연산자 4-1.vcxproj", "{CA69FB35-E04A-4E2B-94C1-576A74BF7ED0}"
EndProject
Project("{8BC9CEB8-8B4A-11D0-8D11-00A0C91BC942}") = "4-2연산자", "연산자 4-2\연산자 4-2.vcxproj", "{5AE1EC11-BA87-4999-A38B-48CB94D10392}"
EndProject
Project("{2150E333-8FDC-42A3-9474-1A3956D46DE8}") = "CH09", "CH09", "{83FF8EBE-BC31-4633-8A78-3D1259E9B66D}"
EndProject
Project("{8BC9CEB8-8B4A-11D0-8D11-00A0C91BC942}") = "PointerTestApp", "PointerTestApp\PointerTestApp.vcxproj", "{584D52E7-B79B-4B38-9303-68EF71F44B69}"
EndProject
Project("{8BC9CEB8-8B4A-11D0-8D11-00A0C91BC942}") = "SwapTestApp", "SwapTestApp\SwapTestApp.vcxproj", "{AFF7B921-7F5B-4729-9A91-77B03BECAA9B}"
EndProject
Project("{2150E333-8FDC-42A3-9474-1A3956D46DE8}") = "CH10", "CH10", "{A22EB309-79FD-4327-A887-387BCE2E1F7C}"
EndProject
Project("{8BC9CEB8-8B4A-11D0-8D11-00A0C91BC942}") = "ArrPtrTestApp", "ArrPtrTestAapp\ArrPtrTestAapp.vcxproj", "{BA18568A-78D8-47D7-AB6D-914181D09FD2}"
EndProject
Project("{8BC9CEB8-8B4A-11D0-8D11-00A0C91BC942}") = "FindMaxApp", "FindMaxApp\FindMaxApp.vcxproj", "{C1A02643-B378-472F-8A84-EF3D9769CB96}"
EndProject
Project("{2150E333-8FDC-42A3-9474-1A3956D46DE8}") = "CH11", "CH11", "{DF588B2F-FFA4-4928-8440-0FCE9CE887AB}"
EndProject
Project("{8BC9CEB8-8B4A-11D0-8D11-00A0C91BC942}") = "CharTestApp", "CharTestApp\CharTestApp.vcxproj", "{C28536A4-7DCE-445B-950D-64206B3670F3}"
EndProject
Project("{8BC9CEB8-8B4A-11D0-8D11-00A0C91BC942}") = "4-2(3)연산자", "4-2(3)\4-2(3).vcxproj", "{8E1326C3-FD8A-4001-BCDA-CBF2F8C23FB9}"
EndProject
Project("{8BC9CEB8-8B4A-11D0-8D11-00A0C91BC942}") = "연습", "연습\연습.vcxproj", "{B4DBF400-F756-4A93-BCF9-EF6C79F9D8BE}"
EndProject
Project("{2150E333-8FDC-42A3-9474-1A3956D46DE8}") = "CH12", "CH12", "{2C8F9299-C6E1-47A5-BA27-E23A111AA662}"
EndProject
Project("{8BC9CEB8-8B4A-11D0-8D11-00A0C91BC942}") = "StrTestApp", "StrTestApp\StrTestApp.vcxproj", "{3EBB5543-BA77-45EE-9494-602F95A4C7A9}"
EndProject
Project("{2150E333-8FDC-42A3-9474-1A3956D46DE8}") = "CH13", "CH13", "{995DF70D-2C73-42E8-B7C8-6022A1493ED6}"
EndProject
Project("{8BC9CEB8-8B4A-11D0-8D11-00A0C91BC942}") = "VarTestApp", "VarTestApp\VarTestApp.vcxproj", "{E0955A0A-5EF5-4BAD-AE29-AB0CEFD97AC6}"
EndProject
Project("{8BC9CEB8-8B4A-11D0-8D11-00A0C91BC942}") = "StaticValTestApp", "StaticValTestApp\StaticValTestApp.vcxproj", "{B7008A5C-387B-4014-A359-FBBF30DDD8B2}"
EndProject
Project("{2150E333-8FDC-42A3-9474-1A3956D46DE8}") = "CH14", "CH14", "{A2069085-C15C-4A6E-BC68-323AFAEB3528}"
EndProject
Project("{8BC9CEB8-8B4A-11D0-8D11-00A0C91BC942}") = "SArryTestApp", "SArryTestApp\SArryTestApp.vcxproj", "{897F0BAF-5715-4A12-B76C-5D40E4F166D7}"
EndProject
Project("{8BC9CEB8-8B4A-11D0-8D11-00A0C91BC942}") = "ThirdArrTestApp", "ThirdArrTestAapp\ThirdArrTestAapp.vcxproj", "{0D4D4214-6C41-4A49-8C0A-4D95CCDBE326}"
EndProject
Project("{8BC9CEB8-8B4A-11D0-8D11-00A0C91BC942}") = "StringPtrApp", "StringPtrApp\StringPtrApp.vcxproj", "{54AED48C-5623-4D38-BDE0-38B9C10DA12B}"
EndProject
Project("{2150E333-8FDC-42A3-9474-1A3956D46DE8}") = "CH15", "CH15", "{EA65DB71-115E-43A4-B714-96DA1EFB7FB1}"
EndProject
Project("{8BC9CEB8-8B4A-11D0-8D11-00A0C91BC942}") = "DoublePointApp", "2PointApp\2PointApp.vcxproj", "{0B320BAD-6768-47B7-9D8B-A0F925F682A4}"
EndProject
Project("{8BC9CEB8-8B4A-11D0-8D11-00A0C91BC942}") = "PtrSwapApp", "PtrSwapApp\PtrSwapApp.vcxproj", "{891D5590-4EDB-4EE3-B0E9-6A370D623006}"
EndProject
Project("{8BC9CEB8-8B4A-11D0-8D11-00A0C91BC942}") = "FuncPtrApp", "FuncPtrApp\FuncPtrApp.vcxproj", "{3033E3DA-BF27-4479-B8C1-E9D81DDDAF3E}"
EndProject
Project("{8BC9CEB8-8B4A-11D0-8D11-00A0C91BC942}") = "VoidFuncPtrApp", "VoidFuncPtrApp\VoidFuncPtrApp.vcxproj", "{E954D06D-C439-4AD2-96B9-16EB737C0036}"
EndProject
Project("{2150E333-8FDC-42A3-9474-1A3956D46DE8}") = "CH16", "CH16", "{D3F645AF-E375-4B60-9C52-6B835093C6C2}"
EndProject
Project("{8BC9CEB8-8B4A-11D0-8D11-00A0C91BC942}") = "DynamincMemApp", "DynamincMemApp\DynamincMemApp.vcxproj", "{0E6FFFE8-39F0-4FB1-8577-E786CC3681D5}"
EndProject
Project("{8BC9CEB8-8B4A-11D0-8D11-00A0C91BC942}") = "DynamicStrApp", "DynamicStrApp\DynamicStrApp.vcxproj", "{3018C022-51F0-4EB3-88C2-777DCB3D98D9}"
EndProject
Project("{8BC9CEB8-8B4A-11D0-8D11-00A0C91BC942}") = "MainArgApp", "MainArgApp\MainArgApp.vcxproj", "{41F14D1B-DAD1-4958-8426-6DC73B96C37C}"
EndProject
Project("{2150E333-8FDC-42A3-9474-1A3956D46DE8}") = "CH17", "CH17", "{D4BBEAF9-E668-4EEF-9D60-31BAE8096B8D}"
EndProject
Project("{8BC9CEB8-8B4A-11D0-8D11-00A0C91BC942}") = "StrucTestApp", "StrucTestApp\StrucTestApp.vcxproj", "{3986B15D-DC4A-4F80-999F-D23CDC499530}"
EndProject
Project("{8BC9CEB8-8B4A-11D0-8D11-00A0C91BC942}") = "VisionApp", "VisionApp\VisionApp.vcxproj", "{0EC38056-9795-4992-81C1-F54EA95724BD}"
EndProject
Project("{8BC9CEB8-8B4A-11D0-8D11-00A0C91BC942}") = "StructPtrApp", "StructPtrApp\StructPtrApp.vcxproj", "{26D74150-9E06-4A7D-BFB6-D6C17946D511}"
EndProject
Project("{8BC9CEB8-8B4A-11D0-8D11-00A0C91BC942}") = "LinkedListApp", "ListStructApp\ListStructApp.vcxproj", "{AE750A83-39B5-4B28-BA57-3B2D9CA45153}"
EndProject
Project("{8BC9CEB8-8B4A-11D0-8D11-00A0C91BC942}") = "UnionApp", "UnionApp\UnionApp.vcxproj", "{C4064608-2EC7-4557-BF9F-113D40E479C1}"
EndProject
Project("{2150E333-8FDC-42A3-9474-1A3956D46DE8}") = "CH18", "CH18", "{8B4D618D-9535-4675-B91C-C970BE57218F}"
EndProject
Project("{8BC9CEB8-8B4A-11D0-8D11-00A0C91BC942}") = "FileTestApp", "FileTestApp\FileTestApp.vcxproj", "{802152C8-3AB2-475B-957F-CAF65723474E}"
EndProject
Project("{8BC9CEB8-8B4A-11D0-8D11-00A0C91BC942}") = "FileCopyApp", "FileCopyApp\FileCopyApp.vcxproj", "{C06B0307-15D0-4201-BEB6-792E12036776}"
EndProject
Project("{8BC9CEB8-8B4A-11D0-8D11-00A0C91BC942}") = "FileBufferApp", "FileBufferApp\FileBufferApp.vcxproj", "{E73CFF48-9DEA-4635-9FF1-58931B6CBAA6}"
EndProject
Project("{2150E333-8FDC-42A3-9474-1A3956D46DE8}") = "CH19", "CH19", "{B47A3026-18C5-4859-B072-BB489FFD2414}"
EndProject
Project("{8BC9CEB8-8B4A-11D0-8D11-00A0C91BC942}") = "StandardApp", "StandardApp\StandardApp.vcxproj", "{564B6753-3B4D-4E71-BA6C-89F3EAC0C299}"
EndProject
Project("{8BC9CEB8-8B4A-11D0-8D11-00A0C91BC942}") = "MecroApp", "MecroApp\MecroApp.vcxproj", "{ADF8BF3E-172B-4508-B15A-13A43C780548}"
EndProject
Project("{8BC9CEB8-8B4A-11D0-8D11-00A0C91BC942}") = "DivideSrcApp", "DivideSrcApp\DivideSrcApp.vcxproj", "{86BD1201-79AC-43A6-B6C9-30F28DD62CB3}"
EndProject
Project("{8BC9CEB8-8B4A-11D0-8D11-00A0C91BC942}") = "ExternStaticApp", "ExternStaticApp\ExternStaticApp.vcxproj", "{713FB425-F3DC-47E2-8EDD-AFD6D39B1E2E}"
EndProject
Project("{8BC9CEB8-8B4A-11D0-8D11-00A0C91BC942}") = "DupTestApp", "DupTestApp\DupTestApp.vcxproj", "{C5BFB4FF-F3F5-4DE6-8C08-44BE3CB12FFF}"
EndProject
Project("{2150E333-8FDC-42A3-9474-1A3956D46DE8}") = "ADD", "ADD", "{33427267-FB3C-4BAA-9AB2-7E625D3496FA}"
EndProject
Project("{8BC9CEB8-8B4A-11D0-8D11-00A0C91BC942}") = "SelectSortApp", "SelectSortApp\SelectSortApp.vcxproj", "{A714ABD7-4FE8-4AD7-9E1A-48DC15197A57}"
EndProject
Project("{8BC9CEB8-8B4A-11D0-8D11-00A0C91BC942}") = "4-2 실전", "연산자 4-2 도전실전예제\연산자 4-2 도전실전예제.vcxproj", "{03F6F1AB-6E2F-4F0E-9773-F0E2A3E92D23}"
EndProject
Project("{8BC9CEB8-8B4A-11D0-8D11-00A0C91BC942}") = "5 선택문", "선택문 if, case문\선택문 if, case문.vcxproj", "{96764ACE-11AA-40CD-A2E8-9C8DED194F51}"
EndProject
Project("{8BC9CEB8-8B4A-11D0-8D11-00A0C91BC942}") = "CMathLib", "CMathLib\CMathLib.vcxproj", "{3A6F0311-86FE-46B9-BC40-D9ACCB436D0B}"
EndProject
Project("{8BC9CEB8-8B4A-11D0-8D11-00A0C91BC942}") = "UsingStaticLibApp", "UsingStaticLibApp\UsingStaticLibApp.vcxproj", "{683E006C-0382-46A2-A094-178F569701EE}"
EndProject
Project("{2150E333-8FDC-42A3-9474-1A3956D46DE8}") = "CH20", "CH20", "{E4844C76-8E6B-4045-B1C6-6868B11B67CD}"
EndProject
Project("{8BC9CEB8-8B4A-11D0-8D11-00A0C91BC942}") = "MyMathLib", "MyMathLib\MyMathLib.vcxproj", "{7EEDBEEA-BA41-43F0-97FF-9247C070B1AF}"
EndProject
Project("{8BC9CEB8-8B4A-11D0-8D11-00A0C91BC942}") = "6 반복문", "6 반복문\6 반복문.vcxproj", "{82AF7BAE-CB16-4707-94A1-CAFEAC5DC35F}"
EndProject
Project("{8BC9CEB8-8B4A-11D0-8D11-00A0C91BC942}") = "UsingDynLibApp", "UsingDynLibApp\UsingDynLibApp.vcxproj", "{75021BFE-FCE5-4236-860B-C845F95792C5}"
EndProject
Project("{8BC9CEB8-8B4A-11D0-8D11-00A0C91BC942}") = "MySqlTestApp", "MySqlTestApp\MySqlTestApp.vcxproj", "{DF69AB78-0CFA-4114-805D-FB8966A37014}"
EndProject
Project("{2150E333-8FDC-42A3-9474-1A3956D46DE8}") = "CH21", "CH21", "{C9550B35-CBD5-44DA-9C11-2480C38FB1BF}"
EndProject
Project("{8BC9CEB8-8B4A-11D0-8D11-00A0C91BC942}") = "JsonSimpleParser", "JsonSimpleParser\JsonSimpleParser.vcxproj", "{C7682EAE-8771-4013-AB77-1A556946EB7E}"
EndProject
Project("{8BC9CEB8-8B4A-11D0-8D11-00A0C91BC942}") = "UsingParsonApp", "UsingParsonApp\UsingParsonApp.vcxproj", "{B1F6F6FA-7771-408D-86DB-65D53598D36D}"
EndProject
Project("{8BC9CEB8-8B4A-11D0-8D11-00A0C91BC942}") = "6반복문 (3)", "6반복문 (3)\6반복문 (3).vcxproj", "{853C1B49-6FC1-47F2-8D67-622A006897D2}"
EndProject
Project("{8BC9CEB8-8B4A-11D0-8D11-00A0C91BC942}") = "6 반복문 (실전예제)", "6 반복문 (실전예제)\6 반복문 (실전예제).vcxproj", "{E1C30D48-C6E5-472E-A661-5759830FA194}"
EndProject
Project("{8BC9CEB8-8B4A-11D0-8D11-00A0C91BC942}") = "문제", "문제\문제.vcxproj", "{F3313562-D97E-47A2-8858-1DE4875A13FA}"
EndProject
Project("{8BC9CEB8-8B4A-11D0-8D11-00A0C91BC942}") = "문제1", "3번문제\3번문제.vcxproj", "{B3559C20-9348-43D3-A281-B024897C4DDA}"
EndProject
Project("{8BC9CEB8-8B4A-11D0-8D11-00A0C91BC942}") = "문제2", "문제2\문제2.vcxproj", "{3F039128-B567-4B73-BCDE-72231DC10BC4}"
EndProject
Project("{8BC9CEB8-8B4A-11D0-8D11-00A0C91BC942}") = "List_insertdelApp", "List_insertdelApp\List_insertdelApp.vcxproj", "{345FD26B-FFEF-4984-9D11-7AE99A1E08AD}"
EndProject
Project("{8BC9CEB8-8B4A-11D0-8D11-00A0C91BC942}") = "exam01", "exam01\exam01.vcxproj", "{CB0B1E98-90AC-4A23-9007-87499A42E7FD}"
EndProject
Global
	GlobalSection(SolutionConfigurationPlatforms) = preSolution
		Debug|x64 = Debug|x64
		Debug|x86 = Debug|x86
		Release|x64 = Release|x64
		Release|x86 = Release|x86
	EndGlobalSection
	GlobalSection(ProjectConfigurationPlatforms) = postSolution
		{62495072-E9BB-4EA7-9AD8-C5FF43E02F6C}.Debug|x64.ActiveCfg = Debug|x64
		{62495072-E9BB-4EA7-9AD8-C5FF43E02F6C}.Debug|x64.Build.0 = Debug|x64
		{62495072-E9BB-4EA7-9AD8-C5FF43E02F6C}.Debug|x86.ActiveCfg = Debug|Win32
		{62495072-E9BB-4EA7-9AD8-C5FF43E02F6C}.Debug|x86.Build.0 = Debug|Win32
		{62495072-E9BB-4EA7-9AD8-C5FF43E02F6C}.Release|x64.ActiveCfg = Release|x64
		{62495072-E9BB-4EA7-9AD8-C5FF43E02F6C}.Release|x64.Build.0 = Release|x64
		{62495072-E9BB-4EA7-9AD8-C5FF43E02F6C}.Release|x86.ActiveCfg = Release|Win32
		{62495072-E9BB-4EA7-9AD8-C5FF43E02F6C}.Release|x86.Build.0 = Release|Win32
		{A2A32932-8943-4F98-8D48-49751F82D464}.Debug|x64.ActiveCfg = Debug|x64
		{A2A32932-8943-4F98-8D48-49751F82D464}.Debug|x64.Build.0 = Debug|x64
		{A2A32932-8943-4F98-8D48-49751F82D464}.Debug|x86.ActiveCfg = Debug|Win32
		{A2A32932-8943-4F98-8D48-49751F82D464}.Debug|x86.Build.0 = Debug|Win32
		{A2A32932-8943-4F98-8D48-49751F82D464}.Release|x64.ActiveCfg = Release|x64
		{A2A32932-8943-4F98-8D48-49751F82D464}.Release|x64.Build.0 = Release|x64
		{A2A32932-8943-4F98-8D48-49751F82D464}.Release|x86.ActiveCfg = Release|Win32
		{A2A32932-8943-4F98-8D48-49751F82D464}.Release|x86.Build.0 = Release|Win32
		{5C7222B1-FC04-4BB1-94B5-55111C95759A}.Debug|x64.ActiveCfg = Debug|x64
		{5C7222B1-FC04-4BB1-94B5-55111C95759A}.Debug|x64.Build.0 = Debug|x64
		{5C7222B1-FC04-4BB1-94B5-55111C95759A}.Debug|x86.ActiveCfg = Debug|Win32
		{5C7222B1-FC04-4BB1-94B5-55111C95759A}.Debug|x86.Build.0 = Debug|Win32
		{5C7222B1-FC04-4BB1-94B5-55111C95759A}.Release|x64.ActiveCfg = Release|x64
		{5C7222B1-FC04-4BB1-94B5-55111C95759A}.Release|x64.Build.0 = Release|x64
		{5C7222B1-FC04-4BB1-94B5-55111C95759A}.Release|x86.ActiveCfg = Release|Win32
		{5C7222B1-FC04-4BB1-94B5-55111C95759A}.Release|x86.Build.0 = Release|Win32
		{026E67EC-5183-482A-BF7F-876A5A06F0B0}.Debug|x64.ActiveCfg = Debug|x64
		{026E67EC-5183-482A-BF7F-876A5A06F0B0}.Debug|x64.Build.0 = Debug|x64
		{026E67EC-5183-482A-BF7F-876A5A06F0B0}.Debug|x86.ActiveCfg = Debug|Win32
		{026E67EC-5183-482A-BF7F-876A5A06F0B0}.Debug|x86.Build.0 = Debug|Win32
		{026E67EC-5183-482A-BF7F-876A5A06F0B0}.Release|x64.ActiveCfg = Release|x64
		{026E67EC-5183-482A-BF7F-876A5A06F0B0}.Release|x64.Build.0 = Release|x64
		{026E67EC-5183-482A-BF7F-876A5A06F0B0}.Release|x86.ActiveCfg = Release|Win32
		{026E67EC-5183-482A-BF7F-876A5A06F0B0}.Release|x86.Build.0 = Release|Win32
		{9571D553-5C86-4E34-8285-7DFFB341D35C}.Debug|x64.ActiveCfg = Debug|x64
		{9571D553-5C86-4E34-8285-7DFFB341D35C}.Debug|x64.Build.0 = Debug|x64
		{9571D553-5C86-4E34-8285-7DFFB341D35C}.Debug|x86.ActiveCfg = Debug|Win32
		{9571D553-5C86-4E34-8285-7DFFB341D35C}.Debug|x86.Build.0 = Debug|Win32
		{9571D553-5C86-4E34-8285-7DFFB341D35C}.Release|x64.ActiveCfg = Release|x64
		{9571D553-5C86-4E34-8285-7DFFB341D35C}.Release|x64.Build.0 = Release|x64
		{9571D553-5C86-4E34-8285-7DFFB341D35C}.Release|x86.ActiveCfg = Release|Win32
		{9571D553-5C86-4E34-8285-7DFFB341D35C}.Release|x86.Build.0 = Release|Win32
		{171D1B10-4BB9-41E3-963E-54F08EDDDC5C}.Debug|x64.ActiveCfg = Debug|x64
		{171D1B10-4BB9-41E3-963E-54F08EDDDC5C}.Debug|x64.Build.0 = Debug|x64
		{171D1B10-4BB9-41E3-963E-54F08EDDDC5C}.Debug|x86.ActiveCfg = Debug|Win32
		{171D1B10-4BB9-41E3-963E-54F08EDDDC5C}.Debug|x86.Build.0 = Debug|Win32
		{171D1B10-4BB9-41E3-963E-54F08EDDDC5C}.Release|x64.ActiveCfg = Release|x64
		{171D1B10-4BB9-41E3-963E-54F08EDDDC5C}.Release|x64.Build.0 = Release|x64
		{171D1B10-4BB9-41E3-963E-54F08EDDDC5C}.Release|x86.ActiveCfg = Release|Win32
		{171D1B10-4BB9-41E3-963E-54F08EDDDC5C}.Release|x86.Build.0 = Release|Win32
		{F25B4D3B-D744-4FA4-95A0-DDD7FB8E6FA5}.Debug|x64.ActiveCfg = Debug|x64
		{F25B4D3B-D744-4FA4-95A0-DDD7FB8E6FA5}.Debug|x64.Build.0 = Debug|x64
		{F25B4D3B-D744-4FA4-95A0-DDD7FB8E6FA5}.Debug|x86.ActiveCfg = Debug|Win32
		{F25B4D3B-D744-4FA4-95A0-DDD7FB8E6FA5}.Debug|x86.Build.0 = Debug|Win32
		{F25B4D3B-D744-4FA4-95A0-DDD7FB8E6FA5}.Release|x64.ActiveCfg = Release|x64
		{F25B4D3B-D744-4FA4-95A0-DDD7FB8E6FA5}.Release|x64.Build.0 = Release|x64
		{F25B4D3B-D744-4FA4-95A0-DDD7FB8E6FA5}.Release|x86.ActiveCfg = Release|Win32
		{F25B4D3B-D744-4FA4-95A0-DDD7FB8E6FA5}.Release|x86.Build.0 = Release|Win32
		{3D5974E8-450C-45AB-89B1-D44BF6BB4411}.Debug|x64.ActiveCfg = Debug|x64
		{3D5974E8-450C-45AB-89B1-D44BF6BB4411}.Debug|x64.Build.0 = Debug|x64
		{3D5974E8-450C-45AB-89B1-D44BF6BB4411}.Debug|x86.ActiveCfg = Debug|Win32
		{3D5974E8-450C-45AB-89B1-D44BF6BB4411}.Debug|x86.Build.0 = Debug|Win32
		{3D5974E8-450C-45AB-89B1-D44BF6BB4411}.Release|x64.ActiveCfg = Release|x64
		{3D5974E8-450C-45AB-89B1-D44BF6BB4411}.Release|x64.Build.0 = Release|x64
		{3D5974E8-450C-45AB-89B1-D44BF6BB4411}.Release|x86.ActiveCfg = Release|Win32
		{3D5974E8-450C-45AB-89B1-D44BF6BB4411}.Release|x86.Build.0 = Release|Win32
		{2AD1425B-5E09-4B30-95F2-4DADCA528308}.Debug|x64.ActiveCfg = Debug|x64
		{2AD1425B-5E09-4B30-95F2-4DADCA528308}.Debug|x64.Build.0 = Debug|x64
		{2AD1425B-5E09-4B30-95F2-4DADCA528308}.Debug|x86.ActiveCfg = Debug|Win32
		{2AD1425B-5E09-4B30-95F2-4DADCA528308}.Debug|x86.Build.0 = Debug|Win32
		{2AD1425B-5E09-4B30-95F2-4DADCA528308}.Release|x64.ActiveCfg = Release|x64
		{2AD1425B-5E09-4B30-95F2-4DADCA528308}.Release|x64.Build.0 = Release|x64
		{2AD1425B-5E09-4B30-95F2-4DADCA528308}.Release|x86.ActiveCfg = Release|Win32
		{2AD1425B-5E09-4B30-95F2-4DADCA528308}.Release|x86.Build.0 = Release|Win32
		{C09C93E8-E52A-4119-B1B8-DEB037B09CC8}.Debug|x64.ActiveCfg = Debug|x64
		{C09C93E8-E52A-4119-B1B8-DEB037B09CC8}.Debug|x64.Build.0 = Debug|x64
		{C09C93E8-E52A-4119-B1B8-DEB037B09CC8}.Debug|x86.ActiveCfg = Debug|Win32
		{C09C93E8-E52A-4119-B1B8-DEB037B09CC8}.Debug|x86.Build.0 = Debug|Win32
		{C09C93E8-E52A-4119-B1B8-DEB037B09CC8}.Release|x64.ActiveCfg = Release|x64
		{C09C93E8-E52A-4119-B1B8-DEB037B09CC8}.Release|x64.Build.0 = Release|x64
		{C09C93E8-E52A-4119-B1B8-DEB037B09CC8}.Release|x86.ActiveCfg = Release|Win32
		{C09C93E8-E52A-4119-B1B8-DEB037B09CC8}.Release|x86.Build.0 = Release|Win32
		{CB5630D5-3D43-461E-86BA-752950932056}.Debug|x64.ActiveCfg = Debug|x64
		{CB5630D5-3D43-461E-86BA-752950932056}.Debug|x64.Build.0 = Debug|x64
		{CB5630D5-3D43-461E-86BA-752950932056}.Debug|x86.ActiveCfg = Debug|Win32
		{CB5630D5-3D43-461E-86BA-752950932056}.Debug|x86.Build.0 = Debug|Win32
		{CB5630D5-3D43-461E-86BA-752950932056}.Release|x64.ActiveCfg = Release|x64
		{CB5630D5-3D43-461E-86BA-752950932056}.Release|x64.Build.0 = Release|x64
		{CB5630D5-3D43-461E-86BA-752950932056}.Release|x86.ActiveCfg = Release|Win32
		{CB5630D5-3D43-461E-86BA-752950932056}.Release|x86.Build.0 = Release|Win32
		{0C1A3CFB-A613-4E6D-9EAD-139311C52C7F}.Debug|x64.ActiveCfg = Debug|x64
		{0C1A3CFB-A613-4E6D-9EAD-139311C52C7F}.Debug|x64.Build.0 = Debug|x64
		{0C1A3CFB-A613-4E6D-9EAD-139311C52C7F}.Debug|x86.ActiveCfg = Debug|Win32
		{0C1A3CFB-A613-4E6D-9EAD-139311C52C7F}.Debug|x86.Build.0 = Debug|Win32
		{0C1A3CFB-A613-4E6D-9EAD-139311C52C7F}.Release|x64.ActiveCfg = Release|x64
		{0C1A3CFB-A613-4E6D-9EAD-139311C52C7F}.Release|x64.Build.0 = Release|x64
		{0C1A3CFB-A613-4E6D-9EAD-139311C52C7F}.Release|x86.ActiveCfg = Release|Win32
		{0C1A3CFB-A613-4E6D-9EAD-139311C52C7F}.Release|x86.Build.0 = Release|Win32
		{577C1527-62C7-4CDA-8F53-6D7E12DEFBE7}.Debug|x64.ActiveCfg = Debug|x64
		{577C1527-62C7-4CDA-8F53-6D7E12DEFBE7}.Debug|x64.Build.0 = Debug|x64
		{577C1527-62C7-4CDA-8F53-6D7E12DEFBE7}.Debug|x86.ActiveCfg = Debug|Win32
		{577C1527-62C7-4CDA-8F53-6D7E12DEFBE7}.Debug|x86.Build.0 = Debug|Win32
		{577C1527-62C7-4CDA-8F53-6D7E12DEFBE7}.Release|x64.ActiveCfg = Release|x64
		{577C1527-62C7-4CDA-8F53-6D7E12DEFBE7}.Release|x64.Build.0 = Release|x64
		{577C1527-62C7-4CDA-8F53-6D7E12DEFBE7}.Release|x86.ActiveCfg = Release|Win32
		{577C1527-62C7-4CDA-8F53-6D7E12DEFBE7}.Release|x86.Build.0 = Release|Win32
		{AEFCA218-B8A4-4083-846F-01A64A164F2F}.Debug|x64.ActiveCfg = Debug|x64
		{AEFCA218-B8A4-4083-846F-01A64A164F2F}.Debug|x64.Build.0 = Debug|x64
		{AEFCA218-B8A4-4083-846F-01A64A164F2F}.Debug|x86.ActiveCfg = Debug|Win32
		{AEFCA218-B8A4-4083-846F-01A64A164F2F}.Debug|x86.Build.0 = Debug|Win32
		{AEFCA218-B8A4-4083-846F-01A64A164F2F}.Release|x64.ActiveCfg = Release|x64
		{AEFCA218-B8A4-4083-846F-01A64A164F2F}.Release|x64.Build.0 = Release|x64
		{AEFCA218-B8A4-4083-846F-01A64A164F2F}.Release|x86.ActiveCfg = Release|Win32
		{AEFCA218-B8A4-4083-846F-01A64A164F2F}.Release|x86.Build.0 = Release|Win32
		{222DC0E5-C29A-4588-9646-E233C2B4C69E}.Debug|x64.ActiveCfg = Debug|x64
		{222DC0E5-C29A-4588-9646-E233C2B4C69E}.Debug|x64.Build.0 = Debug|x64
		{222DC0E5-C29A-4588-9646-E233C2B4C69E}.Debug|x86.ActiveCfg = Debug|Win32
		{222DC0E5-C29A-4588-9646-E233C2B4C69E}.Debug|x86.Build.0 = Debug|Win32
		{222DC0E5-C29A-4588-9646-E233C2B4C69E}.Release|x64.ActiveCfg = Release|x64
		{222DC0E5-C29A-4588-9646-E233C2B4C69E}.Release|x64.Build.0 = Release|x64
		{222DC0E5-C29A-4588-9646-E233C2B4C69E}.Release|x86.ActiveCfg = Release|Win32
		{222DC0E5-C29A-4588-9646-E233C2B4C69E}.Release|x86.Build.0 = Release|Win32
		{937D1BC7-C79D-4906-94FF-ADFE86115D01}.Debug|x64.ActiveCfg = Debug|x64
		{937D1BC7-C79D-4906-94FF-ADFE86115D01}.Debug|x64.Build.0 = Debug|x64
		{937D1BC7-C79D-4906-94FF-ADFE86115D01}.Debug|x86.ActiveCfg = Debug|Win32
		{937D1BC7-C79D-4906-94FF-ADFE86115D01}.Debug|x86.Build.0 = Debug|Win32
		{937D1BC7-C79D-4906-94FF-ADFE86115D01}.Release|x64.ActiveCfg = Release|x64
		{937D1BC7-C79D-4906-94FF-ADFE86115D01}.Release|x64.Build.0 = Release|x64
		{937D1BC7-C79D-4906-94FF-ADFE86115D01}.Release|x86.ActiveCfg = Release|Win32
		{937D1BC7-C79D-4906-94FF-ADFE86115D01}.Release|x86.Build.0 = Release|Win32
		{BED89645-69D9-4C7F-BC71-121EDFFBD6E8}.Debug|x64.ActiveCfg = Debug|x64
		{BED89645-69D9-4C7F-BC71-121EDFFBD6E8}.Debug|x64.Build.0 = Debug|x64
		{BED89645-69D9-4C7F-BC71-121EDFFBD6E8}.Debug|x86.ActiveCfg = Debug|Win32
		{BED89645-69D9-4C7F-BC71-121EDFFBD6E8}.Debug|x86.Build.0 = Debug|Win32
		{BED89645-69D9-4C7F-BC71-121EDFFBD6E8}.Release|x64.ActiveCfg = Release|x64
		{BED89645-69D9-4C7F-BC71-121EDFFBD6E8}.Release|x64.Build.0 = Release|x64
		{BED89645-69D9-4C7F-BC71-121EDFFBD6E8}.Release|x86.ActiveCfg = Release|Win32
		{BED89645-69D9-4C7F-BC71-121EDFFBD6E8}.Release|x86.Build.0 = Release|Win32
		{3D18E0E8-9B31-405F-8614-71035EE7AE31}.Debug|x64.ActiveCfg = Debug|x64
		{3D18E0E8-9B31-405F-8614-71035EE7AE31}.Debug|x64.Build.0 = Debug|x64
		{3D18E0E8-9B31-405F-8614-71035EE7AE31}.Debug|x86.ActiveCfg = Debug|Win32
		{3D18E0E8-9B31-405F-8614-71035EE7AE31}.Debug|x86.Build.0 = Debug|Win32
		{3D18E0E8-9B31-405F-8614-71035EE7AE31}.Release|x64.ActiveCfg = Release|x64
		{3D18E0E8-9B31-405F-8614-71035EE7AE31}.Release|x64.Build.0 = Release|x64
		{3D18E0E8-9B31-405F-8614-71035EE7AE31}.Release|x86.ActiveCfg = Release|Win32
		{3D18E0E8-9B31-405F-8614-71035EE7AE31}.Release|x86.Build.0 = Release|Win32
		{CA69FB35-E04A-4E2B-94C1-576A74BF7ED0}.Debug|x64.ActiveCfg = Debug|x64
		{CA69FB35-E04A-4E2B-94C1-576A74BF7ED0}.Debug|x64.Build.0 = Debug|x64
		{CA69FB35-E04A-4E2B-94C1-576A74BF7ED0}.Debug|x86.ActiveCfg = Debug|Win32
		{CA69FB35-E04A-4E2B-94C1-576A74BF7ED0}.Debug|x86.Build.0 = Debug|Win32
		{CA69FB35-E04A-4E2B-94C1-576A74BF7ED0}.Release|x64.ActiveCfg = Release|x64
		{CA69FB35-E04A-4E2B-94C1-576A74BF7ED0}.Release|x64.Build.0 = Release|x64
		{CA69FB35-E04A-4E2B-94C1-576A74BF7ED0}.Release|x86.ActiveCfg = Release|Win32
		{CA69FB35-E04A-4E2B-94C1-576A74BF7ED0}.Release|x86.Build.0 = Release|Win32
		{5AE1EC11-BA87-4999-A38B-48CB94D10392}.Debug|x64.ActiveCfg = Debug|x64
		{5AE1EC11-BA87-4999-A38B-48CB94D10392}.Debug|x64.Build.0 = Debug|x64
		{5AE1EC11-BA87-4999-A38B-48CB94D10392}.Debug|x86.ActiveCfg = Debug|Win32
		{5AE1EC11-BA87-4999-A38B-48CB94D10392}.Debug|x86.Build.0 = Debug|Win32
		{5AE1EC11-BA87-4999-A38B-48CB94D10392}.Release|x64.ActiveCfg = Release|x64
		{5AE1EC11-BA87-4999-A38B-48CB94D10392}.Release|x64.Build.0 = Release|x64
		{5AE1EC11-BA87-4999-A38B-48CB94D10392}.Release|x86.ActiveCfg = Release|Win32
		{5AE1EC11-BA87-4999-A38B-48CB94D10392}.Release|x86.Build.0 = Release|Win32
		{584D52E7-B79B-4B38-9303-68EF71F44B69}.Debug|x64.ActiveCfg = Debug|x64
		{584D52E7-B79B-4B38-9303-68EF71F44B69}.Debug|x64.Build.0 = Debug|x64
		{584D52E7-B79B-4B38-9303-68EF71F44B69}.Debug|x86.ActiveCfg = Debug|Win32
		{584D52E7-B79B-4B38-9303-68EF71F44B69}.Debug|x86.Build.0 = Debug|Win32
		{584D52E7-B79B-4B38-9303-68EF71F44B69}.Release|x64.ActiveCfg = Release|x64
		{584D52E7-B79B-4B38-9303-68EF71F44B69}.Release|x64.Build.0 = Release|x64
		{584D52E7-B79B-4B38-9303-68EF71F44B69}.Release|x86.ActiveCfg = Release|Win32
		{584D52E7-B79B-4B38-9303-68EF71F44B69}.Release|x86.Build.0 = Release|Win32
		{AFF7B921-7F5B-4729-9A91-77B03BECAA9B}.Debug|x64.ActiveCfg = Debug|x64
		{AFF7B921-7F5B-4729-9A91-77B03BECAA9B}.Debug|x64.Build.0 = Debug|x64
		{AFF7B921-7F5B-4729-9A91-77B03BECAA9B}.Debug|x86.ActiveCfg = Debug|Win32
		{AFF7B921-7F5B-4729-9A91-77B03BECAA9B}.Debug|x86.Build.0 = Debug|Win32
		{AFF7B921-7F5B-4729-9A91-77B03BECAA9B}.Release|x64.ActiveCfg = Release|x64
		{AFF7B921-7F5B-4729-9A91-77B03BECAA9B}.Release|x64.Build.0 = Release|x64
		{AFF7B921-7F5B-4729-9A91-77B03BECAA9B}.Release|x86.ActiveCfg = Release|Win32
		{AFF7B921-7F5B-4729-9A91-77B03BECAA9B}.Release|x86.Build.0 = Release|Win32
		{BA18568A-78D8-47D7-AB6D-914181D09FD2}.Debug|x64.ActiveCfg = Debug|x64
		{BA18568A-78D8-47D7-AB6D-914181D09FD2}.Debug|x64.Build.0 = Debug|x64
		{BA18568A-78D8-47D7-AB6D-914181D09FD2}.Debug|x86.ActiveCfg = Debug|Win32
		{BA18568A-78D8-47D7-AB6D-914181D09FD2}.Debug|x86.Build.0 = Debug|Win32
		{BA18568A-78D8-47D7-AB6D-914181D09FD2}.Release|x64.ActiveCfg = Release|x64
		{BA18568A-78D8-47D7-AB6D-914181D09FD2}.Release|x64.Build.0 = Release|x64
		{BA18568A-78D8-47D7-AB6D-914181D09FD2}.Release|x86.ActiveCfg = Release|Win32
		{BA18568A-78D8-47D7-AB6D-914181D09FD2}.Release|x86.Build.0 = Release|Win32
		{C1A02643-B378-472F-8A84-EF3D9769CB96}.Debug|x64.ActiveCfg = Debug|x64
		{C1A02643-B378-472F-8A84-EF3D9769CB96}.Debug|x64.Build.0 = Debug|x64
		{C1A02643-B378-472F-8A84-EF3D9769CB96}.Debug|x86.ActiveCfg = Debug|Win32
		{C1A02643-B378-472F-8A84-EF3D9769CB96}.Debug|x86.Build.0 = Debug|Win32
		{C1A02643-B378-472F-8A84-EF3D9769CB96}.Release|x64.ActiveCfg = Release|x64
		{C1A02643-B378-472F-8A84-EF3D9769CB96}.Release|x64.Build.0 = Release|x64
		{C1A02643-B378-472F-8A84-EF3D9769CB96}.Release|x86.ActiveCfg = Release|Win32
		{C1A02643-B378-472F-8A84-EF3D9769CB96}.Release|x86.Build.0 = Release|Win32
		{C28536A4-7DCE-445B-950D-64206B3670F3}.Debug|x64.ActiveCfg = Debug|x64
		{C28536A4-7DCE-445B-950D-64206B3670F3}.Debug|x64.Build.0 = Debug|x64
		{C28536A4-7DCE-445B-950D-64206B3670F3}.Debug|x86.ActiveCfg = Debug|Win32
		{C28536A4-7DCE-445B-950D-64206B3670F3}.Debug|x86.Build.0 = Debug|Win32
		{C28536A4-7DCE-445B-950D-64206B3670F3}.Release|x64.ActiveCfg = Release|x64
		{C28536A4-7DCE-445B-950D-64206B3670F3}.Release|x64.Build.0 = Release|x64
		{C28536A4-7DCE-445B-950D-64206B3670F3}.Release|x86.ActiveCfg = Release|Win32
		{C28536A4-7DCE-445B-950D-64206B3670F3}.Release|x86.Build.0 = Release|Win32
		{8E1326C3-FD8A-4001-BCDA-CBF2F8C23FB9}.Debug|x64.ActiveCfg = Debug|x64
		{8E1326C3-FD8A-4001-BCDA-CBF2F8C23FB9}.Debug|x64.Build.0 = Debug|x64
		{8E1326C3-FD8A-4001-BCDA-CBF2F8C23FB9}.Debug|x86.ActiveCfg = Debug|Win32
		{8E1326C3-FD8A-4001-BCDA-CBF2F8C23FB9}.Debug|x86.Build.0 = Debug|Win32
		{8E1326C3-FD8A-4001-BCDA-CBF2F8C23FB9}.Release|x64.ActiveCfg = Release|x64
		{8E1326C3-FD8A-4001-BCDA-CBF2F8C23FB9}.Release|x64.Build.0 = Release|x64
		{8E1326C3-FD8A-4001-BCDA-CBF2F8C23FB9}.Release|x86.ActiveCfg = Release|Win32
		{8E1326C3-FD8A-4001-BCDA-CBF2F8C23FB9}.Release|x86.Build.0 = Release|Win32
		{B4DBF400-F756-4A93-BCF9-EF6C79F9D8BE}.Debug|x64.ActiveCfg = Debug|x64
		{B4DBF400-F756-4A93-BCF9-EF6C79F9D8BE}.Debug|x64.Build.0 = Debug|x64
		{B4DBF400-F756-4A93-BCF9-EF6C79F9D8BE}.Debug|x86.ActiveCfg = Debug|Win32
		{B4DBF400-F756-4A93-BCF9-EF6C79F9D8BE}.Debug|x86.Build.0 = Debug|Win32
		{B4DBF400-F756-4A93-BCF9-EF6C79F9D8BE}.Release|x64.ActiveCfg = Release|x64
		{B4DBF400-F756-4A93-BCF9-EF6C79F9D8BE}.Release|x64.Build.0 = Release|x64
		{B4DBF400-F756-4A93-BCF9-EF6C79F9D8BE}.Release|x86.ActiveCfg = Release|Win32
		{B4DBF400-F756-4A93-BCF9-EF6C79F9D8BE}.Release|x86.Build.0 = Release|Win32
		{3EBB5543-BA77-45EE-9494-602F95A4C7A9}.Debug|x64.ActiveCfg = Debug|x64
		{3EBB5543-BA77-45EE-9494-602F95A4C7A9}.Debug|x64.Build.0 = Debug|x64
		{3EBB5543-BA77-45EE-9494-602F95A4C7A9}.Debug|x86.ActiveCfg = Debug|Win32
		{3EBB5543-BA77-45EE-9494-602F95A4C7A9}.Debug|x86.Build.0 = Debug|Win32
		{3EBB5543-BA77-45EE-9494-602F95A4C7A9}.Release|x64.ActiveCfg = Release|x64
		{3EBB5543-BA77-45EE-9494-602F95A4C7A9}.Release|x64.Build.0 = Release|x64
		{3EBB5543-BA77-45EE-9494-602F95A4C7A9}.Release|x86.ActiveCfg = Release|Win32
		{3EBB5543-BA77-45EE-9494-602F95A4C7A9}.Release|x86.Build.0 = Release|Win32
		{E0955A0A-5EF5-4BAD-AE29-AB0CEFD97AC6}.Debug|x64.ActiveCfg = Debug|x64
		{E0955A0A-5EF5-4BAD-AE29-AB0CEFD97AC6}.Debug|x64.Build.0 = Debug|x64
		{E0955A0A-5EF5-4BAD-AE29-AB0CEFD97AC6}.Debug|x86.ActiveCfg = Debug|Win32
		{E0955A0A-5EF5-4BAD-AE29-AB0CEFD97AC6}.Debug|x86.Build.0 = Debug|Win32
		{E0955A0A-5EF5-4BAD-AE29-AB0CEFD97AC6}.Release|x64.ActiveCfg = Release|x64
		{E0955A0A-5EF5-4BAD-AE29-AB0CEFD97AC6}.Release|x64.Build.0 = Release|x64
		{E0955A0A-5EF5-4BAD-AE29-AB0CEFD97AC6}.Release|x86.ActiveCfg = Release|Win32
		{E0955A0A-5EF5-4BAD-AE29-AB0CEFD97AC6}.Release|x86.Build.0 = Release|Win32
		{B7008A5C-387B-4014-A359-FBBF30DDD8B2}.Debug|x64.ActiveCfg = Debug|x64
		{B7008A5C-387B-4014-A359-FBBF30DDD8B2}.Debug|x64.Build.0 = Debug|x64
		{B7008A5C-387B-4014-A359-FBBF30DDD8B2}.Debug|x86.ActiveCfg = Debug|Win32
		{B7008A5C-387B-4014-A359-FBBF30DDD8B2}.Debug|x86.Build.0 = Debug|Win32
		{B7008A5C-387B-4014-A359-FBBF30DDD8B2}.Release|x64.ActiveCfg = Release|x64
		{B7008A5C-387B-4014-A359-FBBF30DDD8B2}.Release|x64.Build.0 = Release|x64
		{B7008A5C-387B-4014-A359-FBBF30DDD8B2}.Release|x86.ActiveCfg = Release|Win32
		{B7008A5C-387B-4014-A359-FBBF30DDD8B2}.Release|x86.Build.0 = Release|Win32
		{897F0BAF-5715-4A12-B76C-5D40E4F166D7}.Debug|x64.ActiveCfg = Debug|x64
		{897F0BAF-5715-4A12-B76C-5D40E4F166D7}.Debug|x64.Build.0 = Debug|x64
		{897F0BAF-5715-4A12-B76C-5D40E4F166D7}.Debug|x86.ActiveCfg = Debug|Win32
		{897F0BAF-5715-4A12-B76C-5D40E4F166D7}.Debug|x86.Build.0 = Debug|Win32
		{897F0BAF-5715-4A12-B76C-5D40E4F166D7}.Release|x64.ActiveCfg = Release|x64
		{897F0BAF-5715-4A12-B76C-5D40E4F166D7}.Release|x64.Build.0 = Release|x64
		{897F0BAF-5715-4A12-B76C-5D40E4F166D7}.Release|x86.ActiveCfg = Release|Win32
		{897F0BAF-5715-4A12-B76C-5D40E4F166D7}.Release|x86.Build.0 = Release|Win32
		{0D4D4214-6C41-4A49-8C0A-4D95CCDBE326}.Debug|x64.ActiveCfg = Debug|x64
		{0D4D4214-6C41-4A49-8C0A-4D95CCDBE326}.Debug|x64.Build.0 = Debug|x64
		{0D4D4214-6C41-4A49-8C0A-4D95CCDBE326}.Debug|x86.ActiveCfg = Debug|Win32
		{0D4D4214-6C41-4A49-8C0A-4D95CCDBE326}.Debug|x86.Build.0 = Debug|Win32
		{0D4D4214-6C41-4A49-8C0A-4D95CCDBE326}.Release|x64.ActiveCfg = Release|x64
		{0D4D4214-6C41-4A49-8C0A-4D95CCDBE326}.Release|x64.Build.0 = Release|x64
		{0D4D4214-6C41-4A49-8C0A-4D95CCDBE326}.Release|x86.ActiveCfg = Release|Win32
		{0D4D4214-6C41-4A49-8C0A-4D95CCDBE326}.Release|x86.Build.0 = Release|Win32
		{54AED48C-5623-4D38-BDE0-38B9C10DA12B}.Debug|x64.ActiveCfg = Debug|x64
		{54AED48C-5623-4D38-BDE0-38B9C10DA12B}.Debug|x64.Build.0 = Debug|x64
		{54AED48C-5623-4D38-BDE0-38B9C10DA12B}.Debug|x86.ActiveCfg = Debug|Win32
		{54AED48C-5623-4D38-BDE0-38B9C10DA12B}.Debug|x86.Build.0 = Debug|Win32
		{54AED48C-5623-4D38-BDE0-38B9C10DA12B}.Release|x64.ActiveCfg = Release|x64
		{54AED48C-5623-4D38-BDE0-38B9C10DA12B}.Release|x64.Build.0 = Release|x64
		{54AED48C-5623-4D38-BDE0-38B9C10DA12B}.Release|x86.ActiveCfg = Release|Win32
		{54AED48C-5623-4D38-BDE0-38B9C10DA12B}.Release|x86.Build.0 = Release|Win32
		{0B320BAD-6768-47B7-9D8B-A0F925F682A4}.Debug|x64.ActiveCfg = Debug|x64
		{0B320BAD-6768-47B7-9D8B-A0F925F682A4}.Debug|x64.Build.0 = Debug|x64
		{0B320BAD-6768-47B7-9D8B-A0F925F682A4}.Debug|x86.ActiveCfg = Debug|Win32
		{0B320BAD-6768-47B7-9D8B-A0F925F682A4}.Debug|x86.Build.0 = Debug|Win32
		{0B320BAD-6768-47B7-9D8B-A0F925F682A4}.Release|x64.ActiveCfg = Release|x64
		{0B320BAD-6768-47B7-9D8B-A0F925F682A4}.Release|x64.Build.0 = Release|x64
		{0B320BAD-6768-47B7-9D8B-A0F925F682A4}.Release|x86.ActiveCfg = Release|Win32
		{0B320BAD-6768-47B7-9D8B-A0F925F682A4}.Release|x86.Build.0 = Release|Win32
		{891D5590-4EDB-4EE3-B0E9-6A370D623006}.Debug|x64.ActiveCfg = Debug|x64
		{891D5590-4EDB-4EE3-B0E9-6A370D623006}.Debug|x64.Build.0 = Debug|x64
		{891D5590-4EDB-4EE3-B0E9-6A370D623006}.Debug|x86.ActiveCfg = Debug|Win32
		{891D5590-4EDB-4EE3-B0E9-6A370D623006}.Debug|x86.Build.0 = Debug|Win32
		{891D5590-4EDB-4EE3-B0E9-6A370D623006}.Release|x64.ActiveCfg = Release|x64
		{891D5590-4EDB-4EE3-B0E9-6A370D623006}.Release|x64.Build.0 = Release|x64
		{891D5590-4EDB-4EE3-B0E9-6A370D623006}.Release|x86.ActiveCfg = Release|Win32
		{891D5590-4EDB-4EE3-B0E9-6A370D623006}.Release|x86.Build.0 = Release|Win32
		{3033E3DA-BF27-4479-B8C1-E9D81DDDAF3E}.Debug|x64.ActiveCfg = Debug|x64
		{3033E3DA-BF27-4479-B8C1-E9D81DDDAF3E}.Debug|x64.Build.0 = Debug|x64
		{3033E3DA-BF27-4479-B8C1-E9D81DDDAF3E}.Debug|x86.ActiveCfg = Debug|Win32
		{3033E3DA-BF27-4479-B8C1-E9D81DDDAF3E}.Debug|x86.Build.0 = Debug|Win32
		{3033E3DA-BF27-4479-B8C1-E9D81DDDAF3E}.Release|x64.ActiveCfg = Release|x64
		{3033E3DA-BF27-4479-B8C1-E9D81DDDAF3E}.Release|x64.Build.0 = Release|x64
		{3033E3DA-BF27-4479-B8C1-E9D81DDDAF3E}.Release|x86.ActiveCfg = Release|Win32
		{3033E3DA-BF27-4479-B8C1-E9D81DDDAF3E}.Release|x86.Build.0 = Release|Win32
		{E954D06D-C439-4AD2-96B9-16EB737C0036}.Debug|x64.ActiveCfg = Debug|x64
		{E954D06D-C439-4AD2-96B9-16EB737C0036}.Debug|x64.Build.0 = Debug|x64
		{E954D06D-C439-4AD2-96B9-16EB737C0036}.Debug|x86.ActiveCfg = Debug|Win32
		{E954D06D-C439-4AD2-96B9-16EB737C0036}.Debug|x86.Build.0 = Debug|Win32
		{E954D06D-C439-4AD2-96B9-16EB737C0036}.Release|x64.ActiveCfg = Release|x64
		{E954D06D-C439-4AD2-96B9-16EB737C0036}.Release|x64.Build.0 = Release|x64
		{E954D06D-C439-4AD2-96B9-16EB737C0036}.Release|x86.ActiveCfg = Release|Win32
		{E954D06D-C439-4AD2-96B9-16EB737C0036}.Release|x86.Build.0 = Release|Win32
		{0E6FFFE8-39F0-4FB1-8577-E786CC3681D5}.Debug|x64.ActiveCfg = Debug|x64
		{0E6FFFE8-39F0-4FB1-8577-E786CC3681D5}.Debug|x64.Build.0 = Debug|x64
		{0E6FFFE8-39F0-4FB1-8577-E786CC3681D5}.Debug|x86.ActiveCfg = Debug|Win32
		{0E6FFFE8-39F0-4FB1-8577-E786CC3681D5}.Debug|x86.Build.0 = Debug|Win32
		{0E6FFFE8-39F0-4FB1-8577-E786CC3681D5}.Release|x64.ActiveCfg = Release|x64
		{0E6FFFE8-39F0-4FB1-8577-E786CC3681D5}.Release|x64.Build.0 = Release|x64
		{0E6FFFE8-39F0-4FB1-8577-E786CC3681D5}.Release|x86.ActiveCfg = Release|Win32
		{0E6FFFE8-39F0-4FB1-8577-E786CC3681D5}.Release|x86.Build.0 = Release|Win32
		{3018C022-51F0-4EB3-88C2-777DCB3D98D9}.Debug|x64.ActiveCfg = Debug|x64
		{3018C022-51F0-4EB3-88C2-777DCB3D98D9}.Debug|x64.Build.0 = Debug|x64
		{3018C022-51F0-4EB3-88C2-777DCB3D98D9}.Debug|x86.ActiveCfg = Debug|Win32
		{3018C022-51F0-4EB3-88C2-777DCB3D98D9}.Debug|x86.Build.0 = Debug|Win32
		{3018C022-51F0-4EB3-88C2-777DCB3D98D9}.Release|x64.ActiveCfg = Release|x64
		{3018C022-51F0-4EB3-88C2-777DCB3D98D9}.Release|x64.Build.0 = Release|x64
		{3018C022-51F0-4EB3-88C2-777DCB3D98D9}.Release|x86.ActiveCfg = Release|Win32
		{3018C022-51F0-4EB3-88C2-777DCB3D98D9}.Release|x86.Build.0 = Release|Win32
		{41F14D1B-DAD1-4958-8426-6DC73B96C37C}.Debug|x64.ActiveCfg = Debug|x64
		{41F14D1B-DAD1-4958-8426-6DC73B96C37C}.Debug|x64.Build.0 = Debug|x64
		{41F14D1B-DAD1-4958-8426-6DC73B96C37C}.Debug|x86.ActiveCfg = Debug|Win32
		{41F14D1B-DAD1-4958-8426-6DC73B96C37C}.Debug|x86.Build.0 = Debug|Win32
		{41F14D1B-DAD1-4958-8426-6DC73B96C37C}.Release|x64.ActiveCfg = Release|x64
		{41F14D1B-DAD1-4958-8426-6DC73B96C37C}.Release|x64.Build.0 = Release|x64
		{41F14D1B-DAD1-4958-8426-6DC73B96C37C}.Release|x86.ActiveCfg = Release|Win32
		{41F14D1B-DAD1-4958-8426-6DC73B96C37C}.Release|x86.Build.0 = Release|Win32
		{3986B15D-DC4A-4F80-999F-D23CDC499530}.Debug|x64.ActiveCfg = Debug|x64
		{3986B15D-DC4A-4F80-999F-D23CDC499530}.Debug|x64.Build.0 = Debug|x64
		{3986B15D-DC4A-4F80-999F-D23CDC499530}.Debug|x86.ActiveCfg = Debug|Win32
		{3986B15D-DC4A-4F80-999F-D23CDC499530}.Debug|x86.Build.0 = Debug|Win32
		{3986B15D-DC4A-4F80-999F-D23CDC499530}.Release|x64.ActiveCfg = Release|x64
		{3986B15D-DC4A-4F80-999F-D23CDC499530}.Release|x64.Build.0 = Release|x64
		{3986B15D-DC4A-4F80-999F-D23CDC499530}.Release|x86.ActiveCfg = Release|Win32
		{3986B15D-DC4A-4F80-999F-D23CDC499530}.Release|x86.Build.0 = Release|Win32
		{0EC38056-9795-4992-81C1-F54EA95724BD}.Debug|x64.ActiveCfg = Debug|x64
		{0EC38056-9795-4992-81C1-F54EA95724BD}.Debug|x64.Build.0 = Debug|x64
		{0EC38056-9795-4992-81C1-F54EA95724BD}.Debug|x86.ActiveCfg = Debug|Win32
		{0EC38056-9795-4992-81C1-F54EA95724BD}.Debug|x86.Build.0 = Debug|Win32
		{0EC38056-9795-4992-81C1-F54EA95724BD}.Release|x64.ActiveCfg = Release|x64
		{0EC38056-9795-4992-81C1-F54EA95724BD}.Release|x64.Build.0 = Release|x64
		{0EC38056-9795-4992-81C1-F54EA95724BD}.Release|x86.ActiveCfg = Release|Win32
		{0EC38056-9795-4992-81C1-F54EA95724BD}.Release|x86.Build.0 = Release|Win32
		{26D74150-9E06-4A7D-BFB6-D6C17946D511}.Debug|x64.ActiveCfg = Debug|x64
		{26D74150-9E06-4A7D-BFB6-D6C17946D511}.Debug|x64.Build.0 = Debug|x64
		{26D74150-9E06-4A7D-BFB6-D6C17946D511}.Debug|x86.ActiveCfg = Debug|Win32
		{26D74150-9E06-4A7D-BFB6-D6C17946D511}.Debug|x86.Build.0 = Debug|Win32
		{26D74150-9E06-4A7D-BFB6-D6C17946D511}.Release|x64.ActiveCfg = Release|x64
		{26D74150-9E06-4A7D-BFB6-D6C17946D511}.Release|x64.Build.0 = Release|x64
		{26D74150-9E06-4A7D-BFB6-D6C17946D511}.Release|x86.ActiveCfg = Release|Win32
		{26D74150-9E06-4A7D-BFB6-D6C17946D511}.Release|x86.Build.0 = Release|Win32
		{AE750A83-39B5-4B28-BA57-3B2D9CA45153}.Debug|x64.ActiveCfg = Debug|x64
		{AE750A83-39B5-4B28-BA57-3B2D9CA45153}.Debug|x64.Build.0 = Debug|x64
		{AE750A83-39B5-4B28-BA57-3B2D9CA45153}.Debug|x86.ActiveCfg = Debug|Win32
		{AE750A83-39B5-4B28-BA57-3B2D9CA45153}.Debug|x86.Build.0 = Debug|Win32
		{AE750A83-39B5-4B28-BA57-3B2D9CA45153}.Release|x64.ActiveCfg = Release|x64
		{AE750A83-39B5-4B28-BA57-3B2D9CA45153}.Release|x64.Build.0 = Release|x64
		{AE750A83-39B5-4B28-BA57-3B2D9CA45153}.Release|x86.ActiveCfg = Release|Win32
		{AE750A83-39B5-4B28-BA57-3B2D9CA45153}.Release|x86.Build.0 = Release|Win32
		{C4064608-2EC7-4557-BF9F-113D40E479C1}.Debug|x64.ActiveCfg = Debug|x64
		{C4064608-2EC7-4557-BF9F-113D40E479C1}.Debug|x64.Build.0 = Debug|x64
		{C4064608-2EC7-4557-BF9F-113D40E479C1}.Debug|x86.ActiveCfg = Debug|Win32
		{C4064608-2EC7-4557-BF9F-113D40E479C1}.Debug|x86.Build.0 = Debug|Win32
		{C4064608-2EC7-4557-BF9F-113D40E479C1}.Release|x64.ActiveCfg = Release|x64
		{C4064608-2EC7-4557-BF9F-113D40E479C1}.Release|x64.Build.0 = Release|x64
		{C4064608-2EC7-4557-BF9F-113D40E479C1}.Release|x86.ActiveCfg = Release|Win32
		{C4064608-2EC7-4557-BF9F-113D40E479C1}.Release|x86.Build.0 = Release|Win32
		{802152C8-3AB2-475B-957F-CAF65723474E}.Debug|x64.ActiveCfg = Debug|x64
		{802152C8-3AB2-475B-957F-CAF65723474E}.Debug|x64.Build.0 = Debug|x64
		{802152C8-3AB2-475B-957F-CAF65723474E}.Debug|x86.ActiveCfg = Debug|Win32
		{802152C8-3AB2-475B-957F-CAF65723474E}.Debug|x86.Build.0 = Debug|Win32
		{802152C8-3AB2-475B-957F-CAF65723474E}.Release|x64.ActiveCfg = Release|x64
		{802152C8-3AB2-475B-957F-CAF65723474E}.Release|x64.Build.0 = Release|x64
		{802152C8-3AB2-475B-957F-CAF65723474E}.Release|x86.ActiveCfg = Release|Win32
		{802152C8-3AB2-475B-957F-CAF65723474E}.Release|x86.Build.0 = Release|Win32
		{C06B0307-15D0-4201-BEB6-792E12036776}.Debug|x64.ActiveCfg = Debug|x64
		{C06B0307-15D0-4201-BEB6-792E12036776}.Debug|x64.Build.0 = Debug|x64
		{C06B0307-15D0-4201-BEB6-792E12036776}.Debug|x86.ActiveCfg = Debug|Win32
		{C06B0307-15D0-4201-BEB6-792E12036776}.Debug|x86.Build.0 = Debug|Win32
		{C06B0307-15D0-4201-BEB6-792E12036776}.Release|x64.ActiveCfg = Release|x64
		{C06B0307-15D0-4201-BEB6-792E12036776}.Release|x64.Build.0 = Release|x64
		{C06B0307-15D0-4201-BEB6-792E12036776}.Release|x86.ActiveCfg = Release|Win32
		{C06B0307-15D0-4201-BEB6-792E12036776}.Release|x86.Build.0 = Release|Win32
		{E73CFF48-9DEA-4635-9FF1-58931B6CBAA6}.Debug|x64.ActiveCfg = Debug|x64
		{E73CFF48-9DEA-4635-9FF1-58931B6CBAA6}.Debug|x64.Build.0 = Debug|x64
		{E73CFF48-9DEA-4635-9FF1-58931B6CBAA6}.Debug|x86.ActiveCfg = Debug|Win32
		{E73CFF48-9DEA-4635-9FF1-58931B6CBAA6}.Debug|x86.Build.0 = Debug|Win32
		{E73CFF48-9DEA-4635-9FF1-58931B6CBAA6}.Release|x64.ActiveCfg = Release|x64
		{E73CFF48-9DEA-4635-9FF1-58931B6CBAA6}.Release|x64.Build.0 = Release|x64
		{E73CFF48-9DEA-4635-9FF1-58931B6CBAA6}.Release|x86.ActiveCfg = Release|Win32
		{E73CFF48-9DEA-4635-9FF1-58931B6CBAA6}.Release|x86.Build.0 = Release|Win32
		{564B6753-3B4D-4E71-BA6C-89F3EAC0C299}.Debug|x64.ActiveCfg = Debug|x64
		{564B6753-3B4D-4E71-BA6C-89F3EAC0C299}.Debug|x64.Build.0 = Debug|x64
		{564B6753-3B4D-4E71-BA6C-89F3EAC0C299}.Debug|x86.ActiveCfg = Debug|Win32
		{564B6753-3B4D-4E71-BA6C-89F3EAC0C299}.Debug|x86.Build.0 = Debug|Win32
		{564B6753-3B4D-4E71-BA6C-89F3EAC0C299}.Release|x64.ActiveCfg = Release|x64
		{564B6753-3B4D-4E71-BA6C-89F3EAC0C299}.Release|x64.Build.0 = Release|x64
		{564B6753-3B4D-4E71-BA6C-89F3EAC0C299}.Release|x86.ActiveCfg = Release|Win32
		{564B6753-3B4D-4E71-BA6C-89F3EAC0C299}.Release|x86.Build.0 = Release|Win32
		{ADF8BF3E-172B-4508-B15A-13A43C780548}.Debug|x64.ActiveCfg = Debug|x64
		{ADF8BF3E-172B-4508-B15A-13A43C780548}.Debug|x64.Build.0 = Debug|x64
		{ADF8BF3E-172B-4508-B15A-13A43C780548}.Debug|x86.ActiveCfg = Debug|Win32
		{ADF8BF3E-172B-4508-B15A-13A43C780548}.Debug|x86.Build.0 = Debug|Win32
		{ADF8BF3E-172B-4508-B15A-13A43C780548}.Release|x64.ActiveCfg = Release|x64
		{ADF8BF3E-172B-4508-B15A-13A43C780548}.Release|x64.Build.0 = Release|x64
		{ADF8BF3E-172B-4508-B15A-13A43C780548}.Release|x86.ActiveCfg = Release|Win32
		{ADF8BF3E-172B-4508-B15A-13A43C780548}.Release|x86.Build.0 = Release|Win32
		{86BD1201-79AC-43A6-B6C9-30F28DD62CB3}.Debug|x64.ActiveCfg = Debug|x64
		{86BD1201-79AC-43A6-B6C9-30F28DD62CB3}.Debug|x64.Build.0 = Debug|x64
		{86BD1201-79AC-43A6-B6C9-30F28DD62CB3}.Debug|x86.ActiveCfg = Debug|Win32
		{86BD1201-79AC-43A6-B6C9-30F28DD62CB3}.Debug|x86.Build.0 = Debug|Win32
		{86BD1201-79AC-43A6-B6C9-30F28DD62CB3}.Release|x64.ActiveCfg = Release|x64
		{86BD1201-79AC-43A6-B6C9-30F28DD62CB3}.Release|x64.Build.0 = Release|x64
		{86BD1201-79AC-43A6-B6C9-30F28DD62CB3}.Release|x86.ActiveCfg = Release|Win32
		{86BD1201-79AC-43A6-B6C9-30F28DD62CB3}.Release|x86.Build.0 = Release|Win32
		{713FB425-F3DC-47E2-8EDD-AFD6D39B1E2E}.Debug|x64.ActiveCfg = Debug|x64
		{713FB425-F3DC-47E2-8EDD-AFD6D39B1E2E}.Debug|x64.Build.0 = Debug|x64
		{713FB425-F3DC-47E2-8EDD-AFD6D39B1E2E}.Debug|x86.ActiveCfg = Debug|Win32
		{713FB425-F3DC-47E2-8EDD-AFD6D39B1E2E}.Debug|x86.Build.0 = Debug|Win32
		{713FB425-F3DC-47E2-8EDD-AFD6D39B1E2E}.Release|x64.ActiveCfg = Release|x64
		{713FB425-F3DC-47E2-8EDD-AFD6D39B1E2E}.Release|x64.Build.0 = Release|x64
		{713FB425-F3DC-47E2-8EDD-AFD6D39B1E2E}.Release|x86.ActiveCfg = Release|Win32
		{713FB425-F3DC-47E2-8EDD-AFD6D39B1E2E}.Release|x86.Build.0 = Release|Win32
		{C5BFB4FF-F3F5-4DE6-8C08-44BE3CB12FFF}.Debug|x64.ActiveCfg = Debug|x64
		{C5BFB4FF-F3F5-4DE6-8C08-44BE3CB12FFF}.Debug|x64.Build.0 = Debug|x64
		{C5BFB4FF-F3F5-4DE6-8C08-44BE3CB12FFF}.Debug|x86.ActiveCfg = Debug|Win32
		{C5BFB4FF-F3F5-4DE6-8C08-44BE3CB12FFF}.Debug|x86.Build.0 = Debug|Win32
		{C5BFB4FF-F3F5-4DE6-8C08-44BE3CB12FFF}.Release|x64.ActiveCfg = Release|x64
		{C5BFB4FF-F3F5-4DE6-8C08-44BE3CB12FFF}.Release|x64.Build.0 = Release|x64
		{C5BFB4FF-F3F5-4DE6-8C08-44BE3CB12FFF}.Release|x86.ActiveCfg = Release|Win32
		{C5BFB4FF-F3F5-4DE6-8C08-44BE3CB12FFF}.Release|x86.Build.0 = Release|Win32
		{A714ABD7-4FE8-4AD7-9E1A-48DC15197A57}.Debug|x64.ActiveCfg = Debug|x64
		{A714ABD7-4FE8-4AD7-9E1A-48DC15197A57}.Debug|x64.Build.0 = Debug|x64
		{A714ABD7-4FE8-4AD7-9E1A-48DC15197A57}.Debug|x86.ActiveCfg = Debug|Win32
		{A714ABD7-4FE8-4AD7-9E1A-48DC15197A57}.Debug|x86.Build.0 = Debug|Win32
		{A714ABD7-4FE8-4AD7-9E1A-48DC15197A57}.Release|x64.ActiveCfg = Release|x64
		{A714ABD7-4FE8-4AD7-9E1A-48DC15197A57}.Release|x64.Build.0 = Release|x64
		{A714ABD7-4FE8-4AD7-9E1A-48DC15197A57}.Release|x86.ActiveCfg = Release|Win32
		{A714ABD7-4FE8-4AD7-9E1A-48DC15197A57}.Release|x86.Build.0 = Release|Win32
		{03F6F1AB-6E2F-4F0E-9773-F0E2A3E92D23}.Debug|x64.ActiveCfg = Debug|x64
		{03F6F1AB-6E2F-4F0E-9773-F0E2A3E92D23}.Debug|x64.Build.0 = Debug|x64
		{03F6F1AB-6E2F-4F0E-9773-F0E2A3E92D23}.Debug|x86.ActiveCfg = Debug|Win32
		{03F6F1AB-6E2F-4F0E-9773-F0E2A3E92D23}.Debug|x86.Build.0 = Debug|Win32
		{03F6F1AB-6E2F-4F0E-9773-F0E2A3E92D23}.Release|x64.ActiveCfg = Release|x64
		{03F6F1AB-6E2F-4F0E-9773-F0E2A3E92D23}.Release|x64.Build.0 = Release|x64
		{03F6F1AB-6E2F-4F0E-9773-F0E2A3E92D23}.Release|x86.ActiveCfg = Release|Win32
		{03F6F1AB-6E2F-4F0E-9773-F0E2A3E92D23}.Release|x86.Build.0 = Release|Win32
		{96764ACE-11AA-40CD-A2E8-9C8DED194F51}.Debug|x64.ActiveCfg = Debug|x64
		{96764ACE-11AA-40CD-A2E8-9C8DED194F51}.Debug|x64.Build.0 = Debug|x64
		{96764ACE-11AA-40CD-A2E8-9C8DED194F51}.Debug|x86.ActiveCfg = Debug|Win32
		{96764ACE-11AA-40CD-A2E8-9C8DED194F51}.Debug|x86.Build.0 = Debug|Win32
		{96764ACE-11AA-40CD-A2E8-9C8DED194F51}.Release|x64.ActiveCfg = Release|x64
		{96764ACE-11AA-40CD-A2E8-9C8DED194F51}.Release|x64.Build.0 = Release|x64
		{96764ACE-11AA-40CD-A2E8-9C8DED194F51}.Release|x86.ActiveCfg = Release|Win32
		{96764ACE-11AA-40CD-A2E8-9C8DED194F51}.Release|x86.Build.0 = Release|Win32
		{3A6F0311-86FE-46B9-BC40-D9ACCB436D0B}.Debug|x64.ActiveCfg = Debug|x64
		{3A6F0311-86FE-46B9-BC40-D9ACCB436D0B}.Debug|x64.Build.0 = Debug|x64
		{3A6F0311-86FE-46B9-BC40-D9ACCB436D0B}.Debug|x86.ActiveCfg = Debug|Win32
		{3A6F0311-86FE-46B9-BC40-D9ACCB436D0B}.Debug|x86.Build.0 = Debug|Win32
		{3A6F0311-86FE-46B9-BC40-D9ACCB436D0B}.Release|x64.ActiveCfg = Release|x64
		{3A6F0311-86FE-46B9-BC40-D9ACCB436D0B}.Release|x64.Build.0 = Release|x64
		{3A6F0311-86FE-46B9-BC40-D9ACCB436D0B}.Release|x86.ActiveCfg = Release|Win32
		{3A6F0311-86FE-46B9-BC40-D9ACCB436D0B}.Release|x86.Build.0 = Release|Win32
		{683E006C-0382-46A2-A094-178F569701EE}.Debug|x64.ActiveCfg = Debug|x64
		{683E006C-0382-46A2-A094-178F569701EE}.Debug|x64.Build.0 = Debug|x64
		{683E006C-0382-46A2-A094-178F569701EE}.Debug|x86.ActiveCfg = Debug|Win32
		{683E006C-0382-46A2-A094-178F569701EE}.Debug|x86.Build.0 = Debug|Win32
		{683E006C-0382-46A2-A094-178F569701EE}.Release|x64.ActiveCfg = Release|x64
		{683E006C-0382-46A2-A094-178F569701EE}.Release|x64.Build.0 = Release|x64
		{683E006C-0382-46A2-A094-178F569701EE}.Release|x86.ActiveCfg = Release|Win32
		{683E006C-0382-46A2-A094-178F569701EE}.Release|x86.Build.0 = Release|Win32
		{7EEDBEEA-BA41-43F0-97FF-9247C070B1AF}.Debug|x64.ActiveCfg = Debug|x64
		{7EEDBEEA-BA41-43F0-97FF-9247C070B1AF}.Debug|x64.Build.0 = Debug|x64
		{7EEDBEEA-BA41-43F0-97FF-9247C070B1AF}.Debug|x86.ActiveCfg = Debug|Win32
		{7EEDBEEA-BA41-43F0-97FF-9247C070B1AF}.Debug|x86.Build.0 = Debug|Win32
		{7EEDBEEA-BA41-43F0-97FF-9247C070B1AF}.Release|x64.ActiveCfg = Release|x64
		{7EEDBEEA-BA41-43F0-97FF-9247C070B1AF}.Release|x64.Build.0 = Release|x64
		{7EEDBEEA-BA41-43F0-97FF-9247C070B1AF}.Release|x86.ActiveCfg = Release|Win32
		{7EEDBEEA-BA41-43F0-97FF-9247C070B1AF}.Release|x86.Build.0 = Release|Win32
		{82AF7BAE-CB16-4707-94A1-CAFEAC5DC35F}.Debug|x64.ActiveCfg = Debug|x64
		{82AF7BAE-CB16-4707-94A1-CAFEAC5DC35F}.Debug|x64.Build.0 = Debug|x64
		{82AF7BAE-CB16-4707-94A1-CAFEAC5DC35F}.Debug|x86.ActiveCfg = Debug|Win32
		{82AF7BAE-CB16-4707-94A1-CAFEAC5DC35F}.Debug|x86.Build.0 = Debug|Win32
		{82AF7BAE-CB16-4707-94A1-CAFEAC5DC35F}.Release|x64.ActiveCfg = Release|x64
		{82AF7BAE-CB16-4707-94A1-CAFEAC5DC35F}.Release|x64.Build.0 = Release|x64
		{82AF7BAE-CB16-4707-94A1-CAFEAC5DC35F}.Release|x86.ActiveCfg = Release|Win32
		{82AF7BAE-CB16-4707-94A1-CAFEAC5DC35F}.Release|x86.Build.0 = Release|Win32
		{75021BFE-FCE5-4236-860B-C845F95792C5}.Debug|x64.ActiveCfg = Debug|x64
		{75021BFE-FCE5-4236-860B-C845F95792C5}.Debug|x64.Build.0 = Debug|x64
		{75021BFE-FCE5-4236-860B-C845F95792C5}.Debug|x86.ActiveCfg = Debug|Win32
		{75021BFE-FCE5-4236-860B-C845F95792C5}.Debug|x86.Build.0 = Debug|Win32
		{75021BFE-FCE5-4236-860B-C845F95792C5}.Release|x64.ActiveCfg = Release|x64
		{75021BFE-FCE5-4236-860B-C845F95792C5}.Release|x64.Build.0 = Release|x64
		{75021BFE-FCE5-4236-860B-C845F95792C5}.Release|x86.ActiveCfg = Release|Win32
		{75021BFE-FCE5-4236-860B-C845F95792C5}.Release|x86.Build.0 = Release|Win32
		{DF69AB78-0CFA-4114-805D-FB8966A37014}.Debug|x64.ActiveCfg = Debug|x64
		{DF69AB78-0CFA-4114-805D-FB8966A37014}.Debug|x64.Build.0 = Debug|x64
		{DF69AB78-0CFA-4114-805D-FB8966A37014}.Debug|x86.ActiveCfg = Debug|Win32
		{DF69AB78-0CFA-4114-805D-FB8966A37014}.Debug|x86.Build.0 = Debug|Win32
		{DF69AB78-0CFA-4114-805D-FB8966A37014}.Release|x64.ActiveCfg = Release|x64
		{DF69AB78-0CFA-4114-805D-FB8966A37014}.Release|x64.Build.0 = Release|x64
		{DF69AB78-0CFA-4114-805D-FB8966A37014}.Release|x86.ActiveCfg = Release|Win32
		{DF69AB78-0CFA-4114-805D-FB8966A37014}.Release|x86.Build.0 = Release|Win32
		{C7682EAE-8771-4013-AB77-1A556946EB7E}.Debug|x64.ActiveCfg = Debug|x64
		{C7682EAE-8771-4013-AB77-1A556946EB7E}.Debug|x64.Build.0 = Debug|x64
		{C7682EAE-8771-4013-AB77-1A556946EB7E}.Debug|x86.ActiveCfg = Debug|Win32
		{C7682EAE-8771-4013-AB77-1A556946EB7E}.Debug|x86.Build.0 = Debug|Win32
		{C7682EAE-8771-4013-AB77-1A556946EB7E}.Release|x64.ActiveCfg = Release|x64
		{C7682EAE-8771-4013-AB77-1A556946EB7E}.Release|x64.Build.0 = Release|x64
		{C7682EAE-8771-4013-AB77-1A556946EB7E}.Release|x86.ActiveCfg = Release|Win32
		{C7682EAE-8771-4013-AB77-1A556946EB7E}.Release|x86.Build.0 = Release|Win32
		{B1F6F6FA-7771-408D-86DB-65D53598D36D}.Debug|x64.ActiveCfg = Debug|x64
		{B1F6F6FA-7771-408D-86DB-65D53598D36D}.Debug|x64.Build.0 = Debug|x64
		{B1F6F6FA-7771-408D-86DB-65D53598D36D}.Debug|x86.ActiveCfg = Debug|Win32
		{B1F6F6FA-7771-408D-86DB-65D53598D36D}.Debug|x86.Build.0 = Debug|Win32
		{B1F6F6FA-7771-408D-86DB-65D53598D36D}.Release|x64.ActiveCfg = Release|x64
		{B1F6F6FA-7771-408D-86DB-65D53598D36D}.Release|x64.Build.0 = Release|x64
		{B1F6F6FA-7771-408D-86DB-65D53598D36D}.Release|x86.ActiveCfg = Release|Win32
		{B1F6F6FA-7771-408D-86DB-65D53598D36D}.Release|x86.Build.0 = Release|Win32
		{853C1B49-6FC1-47F2-8D67-622A006897D2}.Debug|x64.ActiveCfg = Debug|x64
		{853C1B49-6FC1-47F2-8D67-622A006897D2}.Debug|x64.Build.0 = Debug|x64
		{853C1B49-6FC1-47F2-8D67-622A006897D2}.Debug|x86.ActiveCfg = Debug|Win32
		{853C1B49-6FC1-47F2-8D67-622A006897D2}.Debug|x86.Build.0 = Debug|Win32
		{853C1B49-6FC1-47F2-8D67-622A006897D2}.Release|x64.ActiveCfg = Release|x64
		{853C1B49-6FC1-47F2-8D67-622A006897D2}.Release|x64.Build.0 = Release|x64
		{853C1B49-6FC1-47F2-8D67-622A006897D2}.Release|x86.ActiveCfg = Release|Win32
		{853C1B49-6FC1-47F2-8D67-622A006897D2}.Release|x86.Build.0 = Release|Win32
		{E1C30D48-C6E5-472E-A661-5759830FA194}.Debug|x64.ActiveCfg = Debug|x64
		{E1C30D48-C6E5-472E-A661-5759830FA194}.Debug|x64.Build.0 = Debug|x64
		{E1C30D48-C6E5-472E-A661-5759830FA194}.Debug|x86.ActiveCfg = Debug|Win32
		{E1C30D48-C6E5-472E-A661-5759830FA194}.Debug|x86.Build.0 = Debug|Win32
		{E1C30D48-C6E5-472E-A661-5759830FA194}.Release|x64.ActiveCfg = Release|x64
		{E1C30D48-C6E5-472E-A661-5759830FA194}.Release|x64.Build.0 = Release|x64
		{E1C30D48-C6E5-472E-A661-5759830FA194}.Release|x86.ActiveCfg = Release|Win32
		{E1C30D48-C6E5-472E-A661-5759830FA194}.Release|x86.Build.0 = Release|Win32
		{F3313562-D97E-47A2-8858-1DE4875A13FA}.Debug|x64.ActiveCfg = Debug|x64
		{F3313562-D97E-47A2-8858-1DE4875A13FA}.Debug|x64.Build.0 = Debug|x64
		{F3313562-D97E-47A2-8858-1DE4875A13FA}.Debug|x86.ActiveCfg = Debug|Win32
		{F3313562-D97E-47A2-8858-1DE4875A13FA}.Debug|x86.Build.0 = Debug|Win32
		{F3313562-D97E-47A2-8858-1DE4875A13FA}.Release|x64.ActiveCfg = Release|x64
		{F3313562-D97E-47A2-8858-1DE4875A13FA}.Release|x64.Build.0 = Release|x64
		{F3313562-D97E-47A2-8858-1DE4875A13FA}.Release|x86.ActiveCfg = Release|Win32
		{F3313562-D97E-47A2-8858-1DE4875A13FA}.Release|x86.Build.0 = Release|Win32
		{B3559C20-9348-43D3-A281-B024897C4DDA}.Debug|x64.ActiveCfg = Debug|x64
		{B3559C20-9348-43D3-A281-B024897C4DDA}.Debug|x64.Build.0 = Debug|x64
		{B3559C20-9348-43D3-A281-B024897C4DDA}.Debug|x86.ActiveCfg = Debug|Win32
		{B3559C20-9348-43D3-A281-B024897C4DDA}.Debug|x86.Build.0 = Debug|Win32
		{B3559C20-9348-43D3-A281-B024897C4DDA}.Release|x64.ActiveCfg = Release|x64
		{B3559C20-9348-43D3-A281-B024897C4DDA}.Release|x64.Build.0 = Release|x64
		{B3559C20-9348-43D3-A281-B024897C4DDA}.Release|x86.ActiveCfg = Release|Win32
		{B3559C20-9348-43D3-A281-B024897C4DDA}.Release|x86.Build.0 = Release|Win32
		{3F039128-B567-4B73-BCDE-72231DC10BC4}.Debug|x64.ActiveCfg = Debug|x64
		{3F039128-B567-4B73-BCDE-72231DC10BC4}.Debug|x64.Build.0 = Debug|x64
		{3F039128-B567-4B73-BCDE-72231DC10BC4}.Debug|x86.ActiveCfg = Debug|Win32
		{3F039128-B567-4B73-BCDE-72231DC10BC4}.Debug|x86.Build.0 = Debug|Win32
		{3F039128-B567-4B73-BCDE-72231DC10BC4}.Release|x64.ActiveCfg = Release|x64
		{3F039128-B567-4B73-BCDE-72231DC10BC4}.Release|x64.Build.0 = Release|x64
		{3F039128-B567-4B73-BCDE-72231DC10BC4}.Release|x86.ActiveCfg = Release|Win32
		{3F039128-B567-4B73-BCDE-72231DC10BC4}.Release|x86.Build.0 = Release|Win32
		{345FD26B-FFEF-4984-9D11-7AE99A1E08AD}.Debug|x64.ActiveCfg = Debug|x64
		{345FD26B-FFEF-4984-9D11-7AE99A1E08AD}.Debug|x64.Build.0 = Debug|x64
		{345FD26B-FFEF-4984-9D11-7AE99A1E08AD}.Debug|x86.ActiveCfg = Debug|Win32
		{345FD26B-FFEF-4984-9D11-7AE99A1E08AD}.Debug|x86.Build.0 = Debug|Win32
		{345FD26B-FFEF-4984-9D11-7AE99A1E08AD}.Release|x64.ActiveCfg = Release|x64
		{345FD26B-FFEF-4984-9D11-7AE99A1E08AD}.Release|x64.Build.0 = Release|x64
		{345FD26B-FFEF-4984-9D11-7AE99A1E08AD}.Release|x86.ActiveCfg = Release|Win32
		{345FD26B-FFEF-4984-9D11-7AE99A1E08AD}.Release|x86.Build.0 = Release|Win32
		{CB0B1E98-90AC-4A23-9007-87499A42E7FD}.Debug|x64.ActiveCfg = Debug|x64
		{CB0B1E98-90AC-4A23-9007-87499A42E7FD}.Debug|x64.Build.0 = Debug|x64
		{CB0B1E98-90AC-4A23-9007-87499A42E7FD}.Debug|x86.ActiveCfg = Debug|Win32
		{CB0B1E98-90AC-4A23-9007-87499A42E7FD}.Debug|x86.Build.0 = Debug|Win32
		{CB0B1E98-90AC-4A23-9007-87499A42E7FD}.Release|x64.ActiveCfg = Release|x64
		{CB0B1E98-90AC-4A23-9007-87499A42E7FD}.Release|x64.Build.0 = Release|x64
		{CB0B1E98-90AC-4A23-9007-87499A42E7FD}.Release|x86.ActiveCfg = Release|Win32
		{CB0B1E98-90AC-4A23-9007-87499A42E7FD}.Release|x86.Build.0 = Release|Win32
	EndGlobalSection
	GlobalSection(SolutionProperties) = preSolution
		HideSolutionNode = FALSE
	EndGlobalSection
	GlobalSection(NestedProjects) = preSolution
		{62495072-E9BB-4EA7-9AD8-C5FF43E02F6C} = {74690E53-130A-4ED2-A198-71F2C78DED95}
		{A2A32932-8943-4F98-8D48-49751F82D464} = {74690E53-130A-4ED2-A198-71F2C78DED95}
		{5C7222B1-FC04-4BB1-94B5-55111C95759A} = {74690E53-130A-4ED2-A198-71F2C78DED95}
		{026E67EC-5183-482A-BF7F-876A5A06F0B0} = {32C12A73-9A3D-4EC4-894D-918DE9E48E75}
		{9571D553-5C86-4E34-8285-7DFFB341D35C} = {32C12A73-9A3D-4EC4-894D-918DE9E48E75}
		{171D1B10-4BB9-41E3-963E-54F08EDDDC5C} = {685031DF-0280-4DBB-A174-6E0DE71A0845}
		{F25B4D3B-D744-4FA4-95A0-DDD7FB8E6FA5} = {685031DF-0280-4DBB-A174-6E0DE71A0845}
		{3D5974E8-450C-45AB-89B1-D44BF6BB4411} = {685031DF-0280-4DBB-A174-6E0DE71A0845}
		{2AD1425B-5E09-4B30-95F2-4DADCA528308} = {26EE01C7-5DB3-4082-B399-1D26C1952CB8}
		{C09C93E8-E52A-4119-B1B8-DEB037B09CC8} = {26EE01C7-5DB3-4082-B399-1D26C1952CB8}
		{CB5630D5-3D43-461E-86BA-752950932056} = {26EE01C7-5DB3-4082-B399-1D26C1952CB8}
		{0C1A3CFB-A613-4E6D-9EAD-139311C52C7F} = {26EE01C7-5DB3-4082-B399-1D26C1952CB8}
		{577C1527-62C7-4CDA-8F53-6D7E12DEFBE7} = {26EE01C7-5DB3-4082-B399-1D26C1952CB8}
		{AEFCA218-B8A4-4083-846F-01A64A164F2F} = {3BBFC5DC-8AB5-4F5E-B0B4-52BA8F284B9E}
		{222DC0E5-C29A-4588-9646-E233C2B4C69E} = {6B65E5EE-44E8-4460-B0C8-90C59A28677F}
		{937D1BC7-C79D-4906-94FF-ADFE86115D01} = {6B65E5EE-44E8-4460-B0C8-90C59A28677F}
		{BED89645-69D9-4C7F-BC71-121EDFFBD6E8} = {A2C56DFD-E7FC-4FD6-B4C4-024983C5B5DE}
		{3D18E0E8-9B31-405F-8614-71035EE7AE31} = {A2C56DFD-E7FC-4FD6-B4C4-024983C5B5DE}
		{CA69FB35-E04A-4E2B-94C1-576A74BF7ED0} = {A2C56DFD-E7FC-4FD6-B4C4-024983C5B5DE}
		{5AE1EC11-BA87-4999-A38B-48CB94D10392} = {A2C56DFD-E7FC-4FD6-B4C4-024983C5B5DE}
		{584D52E7-B79B-4B38-9303-68EF71F44B69} = {83FF8EBE-BC31-4633-8A78-3D1259E9B66D}
		{AFF7B921-7F5B-4729-9A91-77B03BECAA9B} = {83FF8EBE-BC31-4633-8A78-3D1259E9B66D}
		{BA18568A-78D8-47D7-AB6D-914181D09FD2} = {A22EB309-79FD-4327-A887-387BCE2E1F7C}
		{C1A02643-B378-472F-8A84-EF3D9769CB96} = {A22EB309-79FD-4327-A887-387BCE2E1F7C}
		{C28536A4-7DCE-445B-950D-64206B3670F3} = {DF588B2F-FFA4-4928-8440-0FCE9CE887AB}
		{8E1326C3-FD8A-4001-BCDA-CBF2F8C23FB9} = {A2C56DFD-E7FC-4FD6-B4C4-024983C5B5DE}
		{B4DBF400-F756-4A93-BCF9-EF6C79F9D8BE} = {A2C56DFD-E7FC-4FD6-B4C4-024983C5B5DE}
		{3EBB5543-BA77-45EE-9494-602F95A4C7A9} = {2C8F9299-C6E1-47A5-BA27-E23A111AA662}
		{E0955A0A-5EF5-4BAD-AE29-AB0CEFD97AC6} = {995DF70D-2C73-42E8-B7C8-6022A1493ED6}
		{B7008A5C-387B-4014-A359-FBBF30DDD8B2} = {995DF70D-2C73-42E8-B7C8-6022A1493ED6}
		{897F0BAF-5715-4A12-B76C-5D40E4F166D7} = {A2069085-C15C-4A6E-BC68-323AFAEB3528}
		{0D4D4214-6C41-4A49-8C0A-4D95CCDBE326} = {A2069085-C15C-4A6E-BC68-323AFAEB3528}
		{54AED48C-5623-4D38-BDE0-38B9C10DA12B} = {A2069085-C15C-4A6E-BC68-323AFAEB3528}
		{0B320BAD-6768-47B7-9D8B-A0F925F682A4} = {EA65DB71-115E-43A4-B714-96DA1EFB7FB1}
		{891D5590-4EDB-4EE3-B0E9-6A370D623006} = {EA65DB71-115E-43A4-B714-96DA1EFB7FB1}
		{3033E3DA-BF27-4479-B8C1-E9D81DDDAF3E} = {EA65DB71-115E-43A4-B714-96DA1EFB7FB1}
		{E954D06D-C439-4AD2-96B9-16EB737C0036} = {EA65DB71-115E-43A4-B714-96DA1EFB7FB1}
		{0E6FFFE8-39F0-4FB1-8577-E786CC3681D5} = {D3F645AF-E375-4B60-9C52-6B835093C6C2}
		{3018C022-51F0-4EB3-88C2-777DCB3D98D9} = {D3F645AF-E375-4B60-9C52-6B835093C6C2}
		{41F14D1B-DAD1-4958-8426-6DC73B96C37C} = {D3F645AF-E375-4B60-9C52-6B835093C6C2}
		{3986B15D-DC4A-4F80-999F-D23CDC499530} = {D4BBEAF9-E668-4EEF-9D60-31BAE8096B8D}
		{0EC38056-9795-4992-81C1-F54EA95724BD} = {D4BBEAF9-E668-4EEF-9D60-31BAE8096B8D}
		{26D74150-9E06-4A7D-BFB6-D6C17946D511} = {D4BBEAF9-E668-4EEF-9D60-31BAE8096B8D}
		{AE750A83-39B5-4B28-BA57-3B2D9CA45153} = {D4BBEAF9-E668-4EEF-9D60-31BAE8096B8D}
		{C4064608-2EC7-4557-BF9F-113D40E479C1} = {D4BBEAF9-E668-4EEF-9D60-31BAE8096B8D}
		{802152C8-3AB2-475B-957F-CAF65723474E} = {8B4D618D-9535-4675-B91C-C970BE57218F}
		{C06B0307-15D0-4201-BEB6-792E12036776} = {8B4D618D-9535-4675-B91C-C970BE57218F}
		{E73CFF48-9DEA-4635-9FF1-58931B6CBAA6} = {8B4D618D-9535-4675-B91C-C970BE57218F}
		{564B6753-3B4D-4E71-BA6C-89F3EAC0C299} = {B47A3026-18C5-4859-B072-BB489FFD2414}
		{ADF8BF3E-172B-4508-B15A-13A43C780548} = {B47A3026-18C5-4859-B072-BB489FFD2414}
		{86BD1201-79AC-43A6-B6C9-30F28DD62CB3} = {B47A3026-18C5-4859-B072-BB489FFD2414}
		{713FB425-F3DC-47E2-8EDD-AFD6D39B1E2E} = {B47A3026-18C5-4859-B072-BB489FFD2414}
		{C5BFB4FF-F3F5-4DE6-8C08-44BE3CB12FFF} = {B47A3026-18C5-4859-B072-BB489FFD2414}
		{A714ABD7-4FE8-4AD7-9E1A-48DC15197A57} = {33427267-FB3C-4BAA-9AB2-7E625D3496FA}
		{03F6F1AB-6E2F-4F0E-9773-F0E2A3E92D23} = {A2C56DFD-E7FC-4FD6-B4C4-024983C5B5DE}
		{96764ACE-11AA-40CD-A2E8-9C8DED194F51} = {A2C56DFD-E7FC-4FD6-B4C4-024983C5B5DE}
		{3A6F0311-86FE-46B9-BC40-D9ACCB436D0B} = {E4844C76-8E6B-4045-B1C6-6868B11B67CD}
		{683E006C-0382-46A2-A094-178F569701EE} = {E4844C76-8E6B-4045-B1C6-6868B11B67CD}
		{7EEDBEEA-BA41-43F0-97FF-9247C070B1AF} = {E4844C76-8E6B-4045-B1C6-6868B11B67CD}
		{82AF7BAE-CB16-4707-94A1-CAFEAC5DC35F} = {A2C56DFD-E7FC-4FD6-B4C4-024983C5B5DE}
		{75021BFE-FCE5-4236-860B-C845F95792C5} = {E4844C76-8E6B-4045-B1C6-6868B11B67CD}
		{DF69AB78-0CFA-4114-805D-FB8966A37014} = {E4844C76-8E6B-4045-B1C6-6868B11B67CD}
		{C7682EAE-8771-4013-AB77-1A556946EB7E} = {C9550B35-CBD5-44DA-9C11-2480C38FB1BF}
		{B1F6F6FA-7771-408D-86DB-65D53598D36D} = {C9550B35-CBD5-44DA-9C11-2480C38FB1BF}
		{853C1B49-6FC1-47F2-8D67-622A006897D2} = {A2C56DFD-E7FC-4FD6-B4C4-024983C5B5DE}
		{E1C30D48-C6E5-472E-A661-5759830FA194} = {A2C56DFD-E7FC-4FD6-B4C4-024983C5B5DE}
		{F3313562-D97E-47A2-8858-1DE4875A13FA} = {A2C56DFD-E7FC-4FD6-B4C4-024983C5B5DE}
		{B3559C20-9348-43D3-A281-B024897C4DDA} = {A2C56DFD-E7FC-4FD6-B4C4-024983C5B5DE}
		{3F039128-B567-4B73-BCDE-72231DC10BC4} = {A2C56DFD-E7FC-4FD6-B4C4-024983C5B5DE}
		{345FD26B-FFEF-4984-9D11-7AE99A1E08AD} = {A2C56DFD-E7FC-4FD6-B4C4-024983C5B5DE}
	EndGlobalSection
	GlobalSection(ExtensibilityGlobals) = postSolution
		SolutionGuid = {A2F1CF93-4A79-46BB-9CF2-9F1B64AD6093}
	EndGlobalSection
EndGlobal
