
Microsoft Visual Studio Solution File, Format Version 12.00
# Visual Studio Version 16
VisualStudioVersion = 16.0.29709.97
MinimumVisualStudioVersion = 10.0.40219.1
Project("{2150E333-8FDC-42A3-9474-1A3956D46DE8}") = "Ch01", "Ch01", "{74690E53-130A-4ED2-A198-71F2C78DED95}"
EndProject
Project("{8BC9CEB8-8B4A-11D0-8D11-00A0C91BC942}") = "FirstApp", "FirstApp\FirstApp.vcxproj", "{62495072-E9BB-4EA7-9AD8-C5FF43E02F6C}"
EndProject
Project("{8BC9CEB8-8B4A-11D0-8D11-00A0C91BC942}") = "TemplateTest", "TemplateTest\TemplateTest.vcxproj", "{A2A32932-8943-4F98-8D48-49751F82D464}"
EndProject
Project("{8BC9CEB8-8B4A-11D0-8D11-00A0C91BC942}") = "EscapeTest", "EscapeTest\EscapeTest.vcxproj", "{5C7222B1-FC04-4BB1-94B5-55111C95759A}"
EndProject
Project("{2150E333-8FDC-42A3-9474-1A3956D46DE8}") = "Ch03", "Ch03", "{32C12A73-9A3D-4EC4-894D-918DE9E48E75}"
EndProject
Project("{8BC9CEB8-8B4A-11D0-8D11-00A0C91BC942}") = "VarTest", "VarTest\VarTest.vcxproj", "{026E67EC-5183-482A-BF7F-876A5A06F0B0}"
EndProject
Project("{8BC9CEB8-8B4A-11D0-8D11-00A0C91BC942}") = "StringTest", "StringTest\StringTest.vcxproj", "{9571D553-5C86-4E34-8285-7DFFB341D35C}"
EndProject
Project("{2150E333-8FDC-42A3-9474-1A3956D46DE8}") = "Ch04", "Ch04", "{685031DF-0280-4DBB-A174-6E0DE71A0845}"
EndProject
Project("{8BC9CEB8-8B4A-11D0-8D11-00A0C91BC942}") = "DivideTest", "DivideTest\DivideTest.vcxproj", "{171D1B10-4BB9-41E3-963E-54F08EDDDC5C}"
EndProject
Project("{8BC9CEB8-8B4A-11D0-8D11-00A0C91BC942}") = "CastTest", "CastTest\CastTest.vcxproj", "{F25B4D3B-D744-4FA4-95A0-DDD7FB8E6FA5}"
EndProject
Project("{8BC9CEB8-8B4A-11D0-8D11-00A0C91BC942}") = "OpTestApp", "OpTestApp\OpTestApp.vcxproj", "{3D5974E8-450C-45AB-89B1-D44BF6BB4411}"
EndProject
Project("{2150E333-8FDC-42A3-9474-1A3956D46DE8}") = "CH05", "CH05", "{26EE01C7-5DB3-4082-B399-1D26C1952CB8}"
EndProject
Project("{8BC9CEB8-8B4A-11D0-8D11-00A0C91BC942}") = "IfTestApp", "IfTestApp\IfTestApp.vcxproj", "{2AD1425B-5E09-4B30-95F2-4DADCA528308}"
EndProject
Project("{8BC9CEB8-8B4A-11D0-8D11-00A0C91BC942}") = "SwitchTestApp", "SwitchTestApp\SwitchTestApp.vcxproj", "{C09C93E8-E52A-4119-B1B8-DEB037B09CC8}"
EndProject
Project("{8BC9CEB8-8B4A-11D0-8D11-00A0C91BC942}") = "WhileTestApp", "WhileTestApp\WhileTestApp.vcxproj", "{CB5630D5-3D43-461E-86BA-752950932056}"
EndProject
Project("{8BC9CEB8-8B4A-11D0-8D11-00A0C91BC942}") = "ForTestApp", "ForTestApp\ForTestApp.vcxproj", "{0C1A3CFB-A613-4E6D-9EAD-139311C52C7F}"
EndProject
Project("{8BC9CEB8-8B4A-11D0-8D11-00A0C91BC942}") = "MultiTableApp", "MultiTableApp\MultiTableApp.vcxproj", "{577C1527-62C7-4CDA-8F53-6D7E12DEFBE7}"
EndProject
Project("{2150E333-8FDC-42A3-9474-1A3956D46DE8}") = "CH07", "CH07", "{3BBFC5DC-8AB5-4F5E-B0B4-52BA8F284B9E}"
EndProject
Project("{8BC9CEB8-8B4A-11D0-8D11-00A0C91BC942}") = "FuncTestApp", "FuncTestApp\FuncTestApp.vcxproj", "{AEFCA218-B8A4-4083-846F-01A64A164F2F}"
EndProject
Project("{2150E333-8FDC-42A3-9474-1A3956D46DE8}") = "CH08", "CH08", "{6B65E5EE-44E8-4460-B0C8-90C59A28677F}"
EndProject
Project("{8BC9CEB8-8B4A-11D0-8D11-00A0C91BC942}") = "ArrTestApp", "ArrTestApp\ArrTestApp.vcxproj", "{222DC0E5-C29A-4588-9646-E233C2B4C69E}"
EndProject
Project("{8BC9CEB8-8B4A-11D0-8D11-00A0C91BC942}") = "StringTestApp", "StringTestApp\StringTestApp.vcxproj", "{937D1BC7-C79D-4906-94FF-ADFE86115D01}"
EndProject
Project("{2150E333-8FDC-42A3-9474-1A3956D46DE8}") = "예제", "예제", "{A2C56DFD-E7FC-4FD6-B4C4-024983C5B5DE}"
EndProject
Project("{8BC9CEB8-8B4A-11D0-8D11-00A0C91BC942}") = "변수 3-1", "Test1\Test1.vcxproj", "{BED89645-69D9-4C7F-BC71-121EDFFBD6E8}"
EndProject
Project("{8BC9CEB8-8B4A-11D0-8D11-00A0C91BC942}") = "변수 3-2", "변수 3-2\변수 3-2.vcxproj", "{3D18E0E8-9B31-405F-8614-71035EE7AE31}"
EndProject
Project("{8BC9CEB8-8B4A-11D0-8D11-00A0C91BC942}") = "연산자 4-1", "연산자 4-1\연산자 4-1.vcxproj", "{CA69FB35-E04A-4E2B-94C1-576A74BF7ED0}"
EndProject
Project("{8BC9CEB8-8B4A-11D0-8D11-00A0C91BC942}") = "연산자 4-2", "연산자 4-2\연산자 4-2.vcxproj", "{5AE1EC11-BA87-4999-A38B-48CB94D10392}"
EndProject
Global
	GlobalSection(SolutionConfigurationPlatforms) = preSolution
		Debug|x64 = Debug|x64
		Debug|x86 = Debug|x86
		Release|x64 = Release|x64
		Release|x86 = Release|x86
	EndGlobalSection
	GlobalSection(ProjectConfigurationPlatforms) = postSolution
		{62495072-E9BB-4EA7-9AD8-C5FF43E02F6C}.Debug|x64.ActiveCfg = Debug|x64
		{62495072-E9BB-4EA7-9AD8-C5FF43E02F6C}.Debug|x64.Build.0 = Debug|x64
		{62495072-E9BB-4EA7-9AD8-C5FF43E02F6C}.Debug|x86.ActiveCfg = Debug|Win32
		{62495072-E9BB-4EA7-9AD8-C5FF43E02F6C}.Debug|x86.Build.0 = Debug|Win32
		{62495072-E9BB-4EA7-9AD8-C5FF43E02F6C}.Release|x64.ActiveCfg = Release|x64
		{62495072-E9BB-4EA7-9AD8-C5FF43E02F6C}.Release|x64.Build.0 = Release|x64
		{62495072-E9BB-4EA7-9AD8-C5FF43E02F6C}.Release|x86.ActiveCfg = Release|Win32
		{62495072-E9BB-4EA7-9AD8-C5FF43E02F6C}.Release|x86.Build.0 = Release|Win32
		{A2A32932-8943-4F98-8D48-49751F82D464}.Debug|x64.ActiveCfg = Debug|x64
		{A2A32932-8943-4F98-8D48-49751F82D464}.Debug|x64.Build.0 = Debug|x64
		{A2A32932-8943-4F98-8D48-49751F82D464}.Debug|x86.ActiveCfg = Debug|Win32
		{A2A32932-8943-4F98-8D48-49751F82D464}.Debug|x86.Build.0 = Debug|Win32
		{A2A32932-8943-4F98-8D48-49751F82D464}.Release|x64.ActiveCfg = Release|x64
		{A2A32932-8943-4F98-8D48-49751F82D464}.Release|x64.Build.0 = Release|x64
		{A2A32932-8943-4F98-8D48-49751F82D464}.Release|x86.ActiveCfg = Release|Win32
		{A2A32932-8943-4F98-8D48-49751F82D464}.Release|x86.Build.0 = Release|Win32
		{5C7222B1-FC04-4BB1-94B5-55111C95759A}.Debug|x64.ActiveCfg = Debug|x64
		{5C7222B1-FC04-4BB1-94B5-55111C95759A}.Debug|x64.Build.0 = Debug|x64
		{5C7222B1-FC04-4BB1-94B5-55111C95759A}.Debug|x86.ActiveCfg = Debug|Win32
		{5C7222B1-FC04-4BB1-94B5-55111C95759A}.Debug|x86.Build.0 = Debug|Win32
		{5C7222B1-FC04-4BB1-94B5-55111C95759A}.Release|x64.ActiveCfg = Release|x64
		{5C7222B1-FC04-4BB1-94B5-55111C95759A}.Release|x64.Build.0 = Release|x64
		{5C7222B1-FC04-4BB1-94B5-55111C95759A}.Release|x86.ActiveCfg = Release|Win32
		{5C7222B1-FC04-4BB1-94B5-55111C95759A}.Release|x86.Build.0 = Release|Win32
		{026E67EC-5183-482A-BF7F-876A5A06F0B0}.Debug|x64.ActiveCfg = Debug|x64
		{026E67EC-5183-482A-BF7F-876A5A06F0B0}.Debug|x64.Build.0 = Debug|x64
		{026E67EC-5183-482A-BF7F-876A5A06F0B0}.Debug|x86.ActiveCfg = Debug|Win32
		{026E67EC-5183-482A-BF7F-876A5A06F0B0}.Debug|x86.Build.0 = Debug|Win32
		{026E67EC-5183-482A-BF7F-876A5A06F0B0}.Release|x64.ActiveCfg = Release|x64
		{026E67EC-5183-482A-BF7F-876A5A06F0B0}.Release|x64.Build.0 = Release|x64
		{026E67EC-5183-482A-BF7F-876A5A06F0B0}.Release|x86.ActiveCfg = Release|Win32
		{026E67EC-5183-482A-BF7F-876A5A06F0B0}.Release|x86.Build.0 = Release|Win32
		{9571D553-5C86-4E34-8285-7DFFB341D35C}.Debug|x64.ActiveCfg = Debug|x64
		{9571D553-5C86-4E34-8285-7DFFB341D35C}.Debug|x64.Build.0 = Debug|x64
		{9571D553-5C86-4E34-8285-7DFFB341D35C}.Debug|x86.ActiveCfg = Debug|Win32
		{9571D553-5C86-4E34-8285-7DFFB341D35C}.Debug|x86.Build.0 = Debug|Win32
		{9571D553-5C86-4E34-8285-7DFFB341D35C}.Release|x64.ActiveCfg = Release|x64
		{9571D553-5C86-4E34-8285-7DFFB341D35C}.Release|x64.Build.0 = Release|x64
		{9571D553-5C86-4E34-8285-7DFFB341D35C}.Release|x86.ActiveCfg = Release|Win32
		{9571D553-5C86-4E34-8285-7DFFB341D35C}.Release|x86.Build.0 = Release|Win32
		{171D1B10-4BB9-41E3-963E-54F08EDDDC5C}.Debug|x64.ActiveCfg = Debug|x64
		{171D1B10-4BB9-41E3-963E-54F08EDDDC5C}.Debug|x64.Build.0 = Debug|x64
		{171D1B10-4BB9-41E3-963E-54F08EDDDC5C}.Debug|x86.ActiveCfg = Debug|Win32
		{171D1B10-4BB9-41E3-963E-54F08EDDDC5C}.Debug|x86.Build.0 = Debug|Win32
		{171D1B10-4BB9-41E3-963E-54F08EDDDC5C}.Release|x64.ActiveCfg = Release|x64
		{171D1B10-4BB9-41E3-963E-54F08EDDDC5C}.Release|x64.Build.0 = Release|x64
		{171D1B10-4BB9-41E3-963E-54F08EDDDC5C}.Release|x86.ActiveCfg = Release|Win32
		{171D1B10-4BB9-41E3-963E-54F08EDDDC5C}.Release|x86.Build.0 = Release|Win32
		{F25B4D3B-D744-4FA4-95A0-DDD7FB8E6FA5}.Debug|x64.ActiveCfg = Debug|x64
		{F25B4D3B-D744-4FA4-95A0-DDD7FB8E6FA5}.Debug|x64.Build.0 = Debug|x64
		{F25B4D3B-D744-4FA4-95A0-DDD7FB8E6FA5}.Debug|x86.ActiveCfg = Debug|Win32
		{F25B4D3B-D744-4FA4-95A0-DDD7FB8E6FA5}.Debug|x86.Build.0 = Debug|Win32
		{F25B4D3B-D744-4FA4-95A0-DDD7FB8E6FA5}.Release|x64.ActiveCfg = Release|x64
		{F25B4D3B-D744-4FA4-95A0-DDD7FB8E6FA5}.Release|x64.Build.0 = Release|x64
		{F25B4D3B-D744-4FA4-95A0-DDD7FB8E6FA5}.Release|x86.ActiveCfg = Release|Win32
		{F25B4D3B-D744-4FA4-95A0-DDD7FB8E6FA5}.Release|x86.Build.0 = Release|Win32
		{3D5974E8-450C-45AB-89B1-D44BF6BB4411}.Debug|x64.ActiveCfg = Debug|x64
		{3D5974E8-450C-45AB-89B1-D44BF6BB4411}.Debug|x64.Build.0 = Debug|x64
		{3D5974E8-450C-45AB-89B1-D44BF6BB4411}.Debug|x86.ActiveCfg = Debug|Win32
		{3D5974E8-450C-45AB-89B1-D44BF6BB4411}.Debug|x86.Build.0 = Debug|Win32
		{3D5974E8-450C-45AB-89B1-D44BF6BB4411}.Release|x64.ActiveCfg = Release|x64
		{3D5974E8-450C-45AB-89B1-D44BF6BB4411}.Release|x64.Build.0 = Release|x64
		{3D5974E8-450C-45AB-89B1-D44BF6BB4411}.Release|x86.ActiveCfg = Release|Win32
		{3D5974E8-450C-45AB-89B1-D44BF6BB4411}.Release|x86.Build.0 = Release|Win32
		{2AD1425B-5E09-4B30-95F2-4DADCA528308}.Debug|x64.ActiveCfg = Debug|x64
		{2AD1425B-5E09-4B30-95F2-4DADCA528308}.Debug|x64.Build.0 = Debug|x64
		{2AD1425B-5E09-4B30-95F2-4DADCA528308}.Debug|x86.ActiveCfg = Debug|Win32
		{2AD1425B-5E09-4B30-95F2-4DADCA528308}.Debug|x86.Build.0 = Debug|Win32
		{2AD1425B-5E09-4B30-95F2-4DADCA528308}.Release|x64.ActiveCfg = Release|x64
		{2AD1425B-5E09-4B30-95F2-4DADCA528308}.Release|x64.Build.0 = Release|x64
		{2AD1425B-5E09-4B30-95F2-4DADCA528308}.Release|x86.ActiveCfg = Release|Win32
		{2AD1425B-5E09-4B30-95F2-4DADCA528308}.Release|x86.Build.0 = Release|Win32
		{C09C93E8-E52A-4119-B1B8-DEB037B09CC8}.Debug|x64.ActiveCfg = Debug|x64
		{C09C93E8-E52A-4119-B1B8-DEB037B09CC8}.Debug|x64.Build.0 = Debug|x64
		{C09C93E8-E52A-4119-B1B8-DEB037B09CC8}.Debug|x86.ActiveCfg = Debug|Win32
		{C09C93E8-E52A-4119-B1B8-DEB037B09CC8}.Debug|x86.Build.0 = Debug|Win32
		{C09C93E8-E52A-4119-B1B8-DEB037B09CC8}.Release|x64.ActiveCfg = Release|x64
		{C09C93E8-E52A-4119-B1B8-DEB037B09CC8}.Release|x64.Build.0 = Release|x64
		{C09C93E8-E52A-4119-B1B8-DEB037B09CC8}.Release|x86.ActiveCfg = Release|Win32
		{C09C93E8-E52A-4119-B1B8-DEB037B09CC8}.Release|x86.Build.0 = Release|Win32
		{CB5630D5-3D43-461E-86BA-752950932056}.Debug|x64.ActiveCfg = Debug|x64
		{CB5630D5-3D43-461E-86BA-752950932056}.Debug|x64.Build.0 = Debug|x64
		{CB5630D5-3D43-461E-86BA-752950932056}.Debug|x86.ActiveCfg = Debug|Win32
		{CB5630D5-3D43-461E-86BA-752950932056}.Debug|x86.Build.0 = Debug|Win32
		{CB5630D5-3D43-461E-86BA-752950932056}.Release|x64.ActiveCfg = Release|x64
		{CB5630D5-3D43-461E-86BA-752950932056}.Release|x64.Build.0 = Release|x64
		{CB5630D5-3D43-461E-86BA-752950932056}.Release|x86.ActiveCfg = Release|Win32
		{CB5630D5-3D43-461E-86BA-752950932056}.Release|x86.Build.0 = Release|Win32
		{0C1A3CFB-A613-4E6D-9EAD-139311C52C7F}.Debug|x64.ActiveCfg = Debug|x64
		{0C1A3CFB-A613-4E6D-9EAD-139311C52C7F}.Debug|x64.Build.0 = Debug|x64
		{0C1A3CFB-A613-4E6D-9EAD-139311C52C7F}.Debug|x86.ActiveCfg = Debug|Win32
		{0C1A3CFB-A613-4E6D-9EAD-139311C52C7F}.Debug|x86.Build.0 = Debug|Win32
		{0C1A3CFB-A613-4E6D-9EAD-139311C52C7F}.Release|x64.ActiveCfg = Release|x64
		{0C1A3CFB-A613-4E6D-9EAD-139311C52C7F}.Release|x64.Build.0 = Release|x64
		{0C1A3CFB-A613-4E6D-9EAD-139311C52C7F}.Release|x86.ActiveCfg = Release|Win32
		{0C1A3CFB-A613-4E6D-9EAD-139311C52C7F}.Release|x86.Build.0 = Release|Win32
		{577C1527-62C7-4CDA-8F53-6D7E12DEFBE7}.Debug|x64.ActiveCfg = Debug|x64
		{577C1527-62C7-4CDA-8F53-6D7E12DEFBE7}.Debug|x64.Build.0 = Debug|x64
		{577C1527-62C7-4CDA-8F53-6D7E12DEFBE7}.Debug|x86.ActiveCfg = Debug|Win32
		{577C1527-62C7-4CDA-8F53-6D7E12DEFBE7}.Debug|x86.Build.0 = Debug|Win32
		{577C1527-62C7-4CDA-8F53-6D7E12DEFBE7}.Release|x64.ActiveCfg = Release|x64
		{577C1527-62C7-4CDA-8F53-6D7E12DEFBE7}.Release|x64.Build.0 = Release|x64
		{577C1527-62C7-4CDA-8F53-6D7E12DEFBE7}.Release|x86.ActiveCfg = Release|Win32
		{577C1527-62C7-4CDA-8F53-6D7E12DEFBE7}.Release|x86.Build.0 = Release|Win32
		{AEFCA218-B8A4-4083-846F-01A64A164F2F}.Debug|x64.ActiveCfg = Debug|x64
		{AEFCA218-B8A4-4083-846F-01A64A164F2F}.Debug|x64.Build.0 = Debug|x64
		{AEFCA218-B8A4-4083-846F-01A64A164F2F}.Debug|x86.ActiveCfg = Debug|Win32
		{AEFCA218-B8A4-4083-846F-01A64A164F2F}.Debug|x86.Build.0 = Debug|Win32
		{AEFCA218-B8A4-4083-846F-01A64A164F2F}.Release|x64.ActiveCfg = Release|x64
		{AEFCA218-B8A4-4083-846F-01A64A164F2F}.Release|x64.Build.0 = Release|x64
		{AEFCA218-B8A4-4083-846F-01A64A164F2F}.Release|x86.ActiveCfg = Release|Win32
		{AEFCA218-B8A4-4083-846F-01A64A164F2F}.Release|x86.Build.0 = Release|Win32
		{222DC0E5-C29A-4588-9646-E233C2B4C69E}.Debug|x64.ActiveCfg = Debug|x64
		{222DC0E5-C29A-4588-9646-E233C2B4C69E}.Debug|x64.Build.0 = Debug|x64
		{222DC0E5-C29A-4588-9646-E233C2B4C69E}.Debug|x86.ActiveCfg = Debug|Win32
		{222DC0E5-C29A-4588-9646-E233C2B4C69E}.Debug|x86.Build.0 = Debug|Win32
		{222DC0E5-C29A-4588-9646-E233C2B4C69E}.Release|x64.ActiveCfg = Release|x64
		{222DC0E5-C29A-4588-9646-E233C2B4C69E}.Release|x64.Build.0 = Release|x64
		{222DC0E5-C29A-4588-9646-E233C2B4C69E}.Release|x86.ActiveCfg = Release|Win32
		{222DC0E5-C29A-4588-9646-E233C2B4C69E}.Release|x86.Build.0 = Release|Win32
		{937D1BC7-C79D-4906-94FF-ADFE86115D01}.Debug|x64.ActiveCfg = Debug|x64
		{937D1BC7-C79D-4906-94FF-ADFE86115D01}.Debug|x64.Build.0 = Debug|x64
		{937D1BC7-C79D-4906-94FF-ADFE86115D01}.Debug|x86.ActiveCfg = Debug|Win32
		{937D1BC7-C79D-4906-94FF-ADFE86115D01}.Debug|x86.Build.0 = Debug|Win32
		{937D1BC7-C79D-4906-94FF-ADFE86115D01}.Release|x64.ActiveCfg = Release|x64
		{937D1BC7-C79D-4906-94FF-ADFE86115D01}.Release|x64.Build.0 = Release|x64
		{937D1BC7-C79D-4906-94FF-ADFE86115D01}.Release|x86.ActiveCfg = Release|Win32
		{937D1BC7-C79D-4906-94FF-ADFE86115D01}.Release|x86.Build.0 = Release|Win32
		{BED89645-69D9-4C7F-BC71-121EDFFBD6E8}.Debug|x64.ActiveCfg = Debug|x64
		{BED89645-69D9-4C7F-BC71-121EDFFBD6E8}.Debug|x64.Build.0 = Debug|x64
		{BED89645-69D9-4C7F-BC71-121EDFFBD6E8}.Debug|x86.ActiveCfg = Debug|Win32
		{BED89645-69D9-4C7F-BC71-121EDFFBD6E8}.Debug|x86.Build.0 = Debug|Win32
		{BED89645-69D9-4C7F-BC71-121EDFFBD6E8}.Release|x64.ActiveCfg = Release|x64
		{BED89645-69D9-4C7F-BC71-121EDFFBD6E8}.Release|x64.Build.0 = Release|x64
		{BED89645-69D9-4C7F-BC71-121EDFFBD6E8}.Release|x86.ActiveCfg = Release|Win32
		{BED89645-69D9-4C7F-BC71-121EDFFBD6E8}.Release|x86.Build.0 = Release|Win32
		{3D18E0E8-9B31-405F-8614-71035EE7AE31}.Debug|x64.ActiveCfg = Debug|x64
		{3D18E0E8-9B31-405F-8614-71035EE7AE31}.Debug|x64.Build.0 = Debug|x64
		{3D18E0E8-9B31-405F-8614-71035EE7AE31}.Debug|x86.ActiveCfg = Debug|Win32
		{3D18E0E8-9B31-405F-8614-71035EE7AE31}.Debug|x86.Build.0 = Debug|Win32
		{3D18E0E8-9B31-405F-8614-71035EE7AE31}.Release|x64.ActiveCfg = Release|x64
		{3D18E0E8-9B31-405F-8614-71035EE7AE31}.Release|x64.Build.0 = Release|x64
		{3D18E0E8-9B31-405F-8614-71035EE7AE31}.Release|x86.ActiveCfg = Release|Win32
		{3D18E0E8-9B31-405F-8614-71035EE7AE31}.Release|x86.Build.0 = Release|Win32
		{CA69FB35-E04A-4E2B-94C1-576A74BF7ED0}.Debug|x64.ActiveCfg = Debug|x64
		{CA69FB35-E04A-4E2B-94C1-576A74BF7ED0}.Debug|x64.Build.0 = Debug|x64
		{CA69FB35-E04A-4E2B-94C1-576A74BF7ED0}.Debug|x86.ActiveCfg = Debug|Win32
		{CA69FB35-E04A-4E2B-94C1-576A74BF7ED0}.Debug|x86.Build.0 = Debug|Win32
		{CA69FB35-E04A-4E2B-94C1-576A74BF7ED0}.Release|x64.ActiveCfg = Release|x64
		{CA69FB35-E04A-4E2B-94C1-576A74BF7ED0}.Release|x64.Build.0 = Release|x64
		{CA69FB35-E04A-4E2B-94C1-576A74BF7ED0}.Release|x86.ActiveCfg = Release|Win32
		{CA69FB35-E04A-4E2B-94C1-576A74BF7ED0}.Release|x86.Build.0 = Release|Win32
		{5AE1EC11-BA87-4999-A38B-48CB94D10392}.Debug|x64.ActiveCfg = Debug|x64
		{5AE1EC11-BA87-4999-A38B-48CB94D10392}.Debug|x64.Build.0 = Debug|x64
		{5AE1EC11-BA87-4999-A38B-48CB94D10392}.Debug|x86.ActiveCfg = Debug|Win32
		{5AE1EC11-BA87-4999-A38B-48CB94D10392}.Debug|x86.Build.0 = Debug|Win32
		{5AE1EC11-BA87-4999-A38B-48CB94D10392}.Release|x64.ActiveCfg = Release|x64
		{5AE1EC11-BA87-4999-A38B-48CB94D10392}.Release|x64.Build.0 = Release|x64
		{5AE1EC11-BA87-4999-A38B-48CB94D10392}.Release|x86.ActiveCfg = Release|Win32
		{5AE1EC11-BA87-4999-A38B-48CB94D10392}.Release|x86.Build.0 = Release|Win32
	EndGlobalSection
	GlobalSection(SolutionProperties) = preSolution
		HideSolutionNode = FALSE
	EndGlobalSection
	GlobalSection(NestedProjects) = preSolution
		{62495072-E9BB-4EA7-9AD8-C5FF43E02F6C} = {74690E53-130A-4ED2-A198-71F2C78DED95}
		{A2A32932-8943-4F98-8D48-49751F82D464} = {74690E53-130A-4ED2-A198-71F2C78DED95}
		{5C7222B1-FC04-4BB1-94B5-55111C95759A} = {74690E53-130A-4ED2-A198-71F2C78DED95}
		{026E67EC-5183-482A-BF7F-876A5A06F0B0} = {32C12A73-9A3D-4EC4-894D-918DE9E48E75}
		{9571D553-5C86-4E34-8285-7DFFB341D35C} = {32C12A73-9A3D-4EC4-894D-918DE9E48E75}
		{171D1B10-4BB9-41E3-963E-54F08EDDDC5C} = {685031DF-0280-4DBB-A174-6E0DE71A0845}
		{F25B4D3B-D744-4FA4-95A0-DDD7FB8E6FA5} = {685031DF-0280-4DBB-A174-6E0DE71A0845}
		{3D5974E8-450C-45AB-89B1-D44BF6BB4411} = {685031DF-0280-4DBB-A174-6E0DE71A0845}
		{2AD1425B-5E09-4B30-95F2-4DADCA528308} = {26EE01C7-5DB3-4082-B399-1D26C1952CB8}
		{C09C93E8-E52A-4119-B1B8-DEB037B09CC8} = {26EE01C7-5DB3-4082-B399-1D26C1952CB8}
		{CB5630D5-3D43-461E-86BA-752950932056} = {26EE01C7-5DB3-4082-B399-1D26C1952CB8}
		{0C1A3CFB-A613-4E6D-9EAD-139311C52C7F} = {26EE01C7-5DB3-4082-B399-1D26C1952CB8}
		{577C1527-62C7-4CDA-8F53-6D7E12DEFBE7} = {26EE01C7-5DB3-4082-B399-1D26C1952CB8}
		{AEFCA218-B8A4-4083-846F-01A64A164F2F} = {3BBFC5DC-8AB5-4F5E-B0B4-52BA8F284B9E}
		{222DC0E5-C29A-4588-9646-E233C2B4C69E} = {6B65E5EE-44E8-4460-B0C8-90C59A28677F}
		{937D1BC7-C79D-4906-94FF-ADFE86115D01} = {6B65E5EE-44E8-4460-B0C8-90C59A28677F}
		{BED89645-69D9-4C7F-BC71-121EDFFBD6E8} = {A2C56DFD-E7FC-4FD6-B4C4-024983C5B5DE}
		{3D18E0E8-9B31-405F-8614-71035EE7AE31} = {A2C56DFD-E7FC-4FD6-B4C4-024983C5B5DE}
		{CA69FB35-E04A-4E2B-94C1-576A74BF7ED0} = {A2C56DFD-E7FC-4FD6-B4C4-024983C5B5DE}
		{5AE1EC11-BA87-4999-A38B-48CB94D10392} = {A2C56DFD-E7FC-4FD6-B4C4-024983C5B5DE}
	EndGlobalSection
	GlobalSection(ExtensibilityGlobals) = postSolution
		SolutionGuid = {A2F1CF93-4A79-46BB-9CF2-9F1B64AD6093}
	EndGlobalSection
EndGlobal
